{
  "version": 4,
  "terraform_version": "1.5.7",
  "serial": 117,
  "lineage": "af06134d-44bc-08d0-2411-affa8e37f8bb",
  "outputs": {
    "cluster_one_endpoint": {
      "value": "34.46.187.179",
      "type": "string"
    },
    "cluster_two_endpoint": {
      "value": "34.57.236.134",
      "type": "string"
    },
    "gcp_sa_key_for_github": {
      "value": "ewogICJ0eXBlIjogInNlcnZpY2VfYWNjb3VudCIsCiAgInByb2plY3RfaWQiOiAidWJpb3dvcm8tcHJvamVjdCIsCiAgInByaXZhdGVfa2V5X2lkIjogIjgyZWE2M2I3ODMyYTY2ZTUwZmIwZDcwNTBmYmUxYWRmOGYyOGY2NTMiLAogICJwcml2YXRlX2tleSI6ICItLS0tLUJFR0lOIFBSSVZBVEUgS0VZLS0tLS1cbk1JSUV2QUlCQURBTkJna3Foa2lHOXcwQkFRRUZBQVNDQktZd2dnU2lBZ0VBQW9JQkFRRGFmREQ1b25VMjBTdVZcblcvemJFb0dpNU1rbFRySHR3SUtJWDg0NysxVlFRUTNWcG9SUVFDYkVHNjYyRlpDL0Jpd2ZTaHUwcytMMTNUSnFcbkZEYmgzY1VMaHZIOXNLVE40ZThXa21zOWxTSk9mQ0dkYUdOelBJbDdxdUMzN1MvbHlhbTYzR05tcjVFNGNuMmJcblF4cGE2akh2RDNMT2tSemllUjJNNWVWUU1iek9DS25kVVQ4bENVaGxEQUIxOUNiQkptcGFCS1ZWamUrMDdJU2lcbk5QZmpzMHUrVXVaNzU5Z1BzdlFzMUNoaTJNRGp2MFFjQldYMWZNNHJ3S3hZaVl2aURkd3llQjk3QVV6L2ZTQ2dcbk04aUp6RlAwT3ZRSWdHaUJZZDYwL2tydHhFZDhHVWVWbXlaZGxYMHNocUU5MjNFMUNTc0twTGZsSWlzcFJtM1JcblZuRXliYitYQWdNQkFBRUNnZ0VBTTd0VEoxQ0JtM1NrY3EyQXJlaHdYSDc2WjRSK0diTEsxWHFGek9zQ05NbnFcbmVpdCt5YmVlMWpGTnlWeEsxUWdqbTFjRFAyS1dleXVnTzhERWkrOWtNQW9JTTA3SGZ0NGZxOE1JZEdEaTZoMTNcbklodXM3SVNwY3VndlpDMWJlWGVwNGc0NzFQeitFQlQveTZyMFN4R0h1RGg2c1JGbit2RzlmdmFTT001R0M2eE9cblpueXd4Ymh2bnQzckVGQ0o4SndhSVpyVkxqSjJxbWJtVlEzQUZBYXUrYnkzbGd6cWtOZUtROThzeWJiYXgya0NcbktjaVMxK1I2M2tKcWwzSGdEV0d1Y1ZQZ0JxaGcyRTllWXg2RkhaTk1CQkozZUlYQndpbG1pa1FxdUxYcWpGcStcbjFCY1A5N3dBMktpU1lkUEc1Vkx4ZFNZUVRCZFdiQ21McUdHNzN4QXoxUUtCZ1FEMUxBbHJXRXpaL2Zka2ZYM1VcbmpHTkdITmVjcGF1cmVVeTgyRFFGOFB1SVR6L1E0Z1RaZFRyNlJCcThpV1NzZGhONVRUblQraGFKZFU4bG9pUjlcbk5VTmhKWXdERWVWZlR4Z04zSjFreHNmZVU3dXozTjRybURxTEIzampwWWNFSVJtK3E0M3JOUkU5V3IrUGl3dGJcbklyakhqcWhobUVKZXlGSW5kN083N3hacG93S0JnUURrSW0xYzlpSVRNeEF3WnlyQUJ3d0lJK3M0Znc2ZlVWM2tcbnp4ZUExakIzcFVwWWZudjdjcmRYWXFpSWtLNDd6YmI4REV0Q1FpYmxydC9wMlNmUmtuMTA2K2ZTOUhUeTdxRE1cbm04d0pJN0c1Rmw4OGpzTnpkZ29uN0hiREdkN3RGZWJjR3dyMk03b2xNck9vdmpmZVNyU0QrNTVIQ1p5V1dYTEhcbjF4blMrRnZaZlFLQmdEakY0Y2lCd2dvWXpWanYxbHVKeHROTmlvQXp2UFVRT2J6aE0rck1TdkxkcHlGdnRUL0ZcbjdjcFdTdnF0dGlwWmpWamhrU3FORnZydHQwNDNwY3Q0c2dtazhDOGx6YitzU1Iyc29LWGRnaHJ4dU4yRm44em9cbmkyWDJiUUFLTEtIQUtINEdxKzV6YzNLSnVTSThTSHpxSlcvUWtSMUliTllWL1RBMmYrQmRGUXVSQW9HQVRhV3lcbkYydm0yU1lPSW90YXI1VTJjU2JZanBnZ1AvV1B3YXNDMHVVVUJnVUtNdWlLQm1GYktiRDRyOUtlbXRnL3FiWDlcbmY0WEllM0J6NGNINW5Za0FqbVVrdUZaZjM3ZDhuMmQvb0xTM2JzbkFqSG9DNkMrSzhWKzRaRnRQMXQ0WGYxN3NcbjhqTlU3Z2c5d2ZkTVNLcWdtak53QWJteHhES1pzSTd6eVN5akJua0NnWUJDN2Z5MGFLaWkvQnFUcjZZbm0vSWtcbnc0dVZlSHE4MW1ydE9qVTJsRjFVYmhyaHpGdXoxdklxOVR1RlF0cysvOE1IaFJYZ2ZxTmU0TUlLQ1dJMU5jZk5cbkgxRlV6MHk3NnY1Y3hLT3VPTklXSS9HakRIUUJsVXBINmV4aFVia0xCVUk3bDNjcE4zU2s0QWdjUVo2Zm5XbnVcbk9obUUyazBzK3oraktVUm5CRzhITEE9PVxuLS0tLS1FTkQgUFJJVkFURSBLRVktLS0tLVxuIiwKICAiY2xpZW50X2VtYWlsIjogImdpdGh1Yi1hY3Rpb25zLWNpY2RAdWJpb3dvcm8tcHJvamVjdC5pYW0uZ3NlcnZpY2VhY2NvdW50LmNvbSIsCiAgImNsaWVudF9pZCI6ICIxMTY1MzM5Njg5MDY0ODk0NzUzMTciLAogICJhdXRoX3VyaSI6ICJodHRwczovL2FjY291bnRzLmdvb2dsZS5jb20vby9vYXV0aDIvYXV0aCIsCiAgInRva2VuX3VyaSI6ICJodHRwczovL29hdXRoMi5nb29nbGVhcGlzLmNvbS90b2tlbiIsCiAgImF1dGhfcHJvdmlkZXJfeDUwOV9jZXJ0X3VybCI6ICJodHRwczovL3d3dy5nb29nbGVhcGlzLmNvbS9vYXV0aDIvdjEvY2VydHMiLAogICJjbGllbnRfeDUwOV9jZXJ0X3VybCI6ICJodHRwczovL3d3dy5nb29nbGVhcGlzLmNvbS9yb2JvdC92MS9tZXRhZGF0YS94NTA5L2dpdGh1Yi1hY3Rpb25zLWNpY2QlNDB1Ymlvd29yby1wcm9qZWN0LmlhbS5nc2VydmljZWFjY291bnQuY29tIiwKICAidW5pdmVyc2VfZG9tYWluIjogImdvb2dsZWFwaXMuY29tIgp9Cg==",
      "type": "string",
      "sensitive": true
    }
  },
  "resources": [
    {
      "module": "module.cluster_one",
      "mode": "managed",
      "type": "google_container_cluster",
      "name": "primary",
      "provider": "provider[\"registry.terraform.io/hashicorp/google\"]",
      "instances": [
        {
          "schema_version": 1,
          "attributes": {
            "addons_config": [
              {
                "cloudrun_config": [],
                "config_connector_config": [],
                "dns_cache_config": [],
                "gce_persistent_disk_csi_driver_config": [
                  {
                    "enabled": true
                  }
                ],
                "gcp_filestore_csi_driver_config": [],
                "gcs_fuse_csi_driver_config": [],
                "gke_backup_agent_config": [],
                "horizontal_pod_autoscaling": [],
                "http_load_balancing": [],
                "network_policy_config": [
                  {
                    "disabled": true
                  }
                ]
              }
            ],
            "allow_net_admin": null,
            "authenticator_groups_config": [],
            "binary_authorization": [
              {
                "enabled": false,
                "evaluation_mode": ""
              }
            ],
            "cluster_autoscaling": [
              {
                "auto_provisioning_defaults": [],
                "enabled": false,
                "resource_limits": []
              }
            ],
            "cluster_ipv4_cidr": "10.72.0.0/14",
            "confidential_nodes": [],
            "cost_management_config": [],
            "database_encryption": [
              {
                "key_name": "",
                "state": "DECRYPTED"
              }
            ],
            "datapath_provider": "",
            "default_max_pods_per_node": null,
            "default_snat_status": [
              {
                "disabled": false
              }
            ],
            "description": "",
            "dns_config": [],
            "enable_autopilot": false,
            "enable_binary_authorization": false,
            "enable_intranode_visibility": false,
            "enable_k8s_beta_apis": [],
            "enable_kubernetes_alpha": false,
            "enable_l4_ilb_subsetting": false,
            "enable_legacy_abac": false,
            "enable_shielded_nodes": true,
            "enable_tpu": false,
            "endpoint": "34.46.187.179",
            "gateway_api_config": [],
            "id": "projects/ubioworo-project/locations/us-central1-a/clusters/cluster-one",
            "initial_node_count": 1,
            "ip_allocation_policy": [],
            "label_fingerprint": "a9dc16a7",
            "location": "us-central1-a",
            "logging_config": [
              {
                "enable_components": [
                  "SYSTEM_COMPONENTS",
                  "WORKLOADS"
                ]
              }
            ],
            "logging_service": "logging.googleapis.com/kubernetes",
            "maintenance_policy": [],
            "master_auth": [
              {
                "client_certificate": "",
                "client_certificate_config": [
                  {
                    "issue_client_certificate": false
                  }
                ],
                "client_key": "",
                "cluster_ca_certificate": "LS0tLS1CRUdJTiBDRVJUSUZJQ0FURS0tLS0tCk1JSUVMVENDQXBXZ0F3SUJBZ0lSQVB1ZzA2cFYzbS9PTitCYU43SmNqTTB3RFFZSktvWklodmNOQVFFTEJRQXcKTHpFdE1Dc0dBMVVFQXhNa00yRTVZV1ZtTVdRdE1XRXlPUzAwT0ROaExUZ3lOVEl0TVRNM01UVmhPRGd3TWpkaApNQ0FYRFRJMk1ESXdOREUyTkRJME5sb1lEekl3TlRZd01USTRNVGMwTWpRMldqQXZNUzB3S3dZRFZRUURFeVF6CllUbGhaV1l4WkMweFlUSTVMVFE0TTJFdE9ESTFNaTB4TXpjeE5XRTRPREF5TjJFd2dnR2lNQTBHQ1NxR1NJYjMKRFFFQkFRVUFBNElCandBd2dnR0tBb0lCZ1FDckkrZXNlSUhSWjdKQ2hrSlI3SE1MeDVVeDQ3aW5WdjJHeDNCSwpUckNEL092ME1SL2h0QWNXemZqWVBxek9CN2RWRTRDWE0veWo1c05SVDNtMWtGaXNyZDc5UEhUZUtVaCs1aVdZCjIyVno4bERNQUhNSlUvZXRtMkYrSm5sb3RONlFLTHdBNlZQSXFuL0dON1pId2xsNXRUY280YlpJdkZpU3hvSGwKMEtPVUltM2JRRVN6eEpFQ3AwKzBBTVY4Y3QzMVl2VGpkTXpldmxMZWdWVUc0WDV2dWp4M2VRWE9jb0hqT2RxVgowSG53WVJQTmVpdDU5c1MrZGhBMnp5L1RSZ3BxVzdxdDd2c01oaXVBZUJRNlV6N1RsQnFqK3JwNWlMMlRXWDdLCnRaWHRYTjRxYmlIN2hoS2JlSW9tUWNpS1RFUmUzTHlFc1ZkVVhVWVN1OE5QR0N3RDI3MVJnMENYZjllWTdHUUIKRDAzZklTM0VKZ1MzaDdtdGRialhXa2wyNUwvRG9FS1pWbThmU1pReGE4Z2pCNEFxTlpuT1BaQTJlTERKY2F6WApIZ0lvQ0ExVFJvS3RUV3BZYkI3M0hnRnpQRm9Yc3g0YmJHbWdpeTFHc2JEdkQva1c1dFZlOFRWZGJubDcvUHExCkZsaW9Ba1NBS0dSM2dOQndndUVEZTljL2xnMENBd0VBQWFOQ01FQXdEZ1lEVlIwUEFRSC9CQVFEQWdJRU1BOEcKQTFVZEV3RUIvd1FGTUFNQkFmOHdIUVlEVlIwT0JCWUVGTFZJSkV1Y3VuUEcvNWtCdXpPNTFaeFU1ZExCTUEwRwpDU3FHU0liM0RRRUJDd1VBQTRJQmdRQ1o4c3RoWFRKRlhiMVJFKy9lMjBrQWJWdFhvTE5oekhHbytiQXE2OENJClUzOWZES01QYTRYeFdCVjRqWGNxNm45UHgrT0s1OWFtdlFpQm9PZkVYVkhPcWd5Si80RjU3Zmd5VGxmcGNkYkwKYjBFV1BkTzhNcGM3VmNtRmRXS2RQYzc4TlA4QkJIWkVJcHdpYUR3UEM0ajFpUlFJUmJjWVNnOXE3aFJKZktoNgovbS8vcWU0Ym5GQWtrM0pPeHAxNmhZdWNkZ1RQNkxwVW1URndzL0paeGQ5YUxvQUg1dVJOYlJ4dUJlMGQxRWU3ClBHanp5OWtEenlpalJkanFsRTVsZzN4V2gwOHZycWRBWWN2YTBoTkNFeWs5RmhXRlVhS1lockVMMjBhSWRZNmYKQk1BQVdnY1hZeEY1ZnVFRUsvR2txZXMxQ1F1Mjk2U1dEbFU5em5hbDdFUk5uRVhVa2UvZ1U3bjFRY0gvaFlwUwpBSFZJTDZ0cGl4VkdWdVNEMi96UGVRRGtnUEJNUmNVaFFSSE5tcVBxWlNRaTBPOUtzeVdSNE15WXlLMFVxUE1nCmJCbVJ3a2FibTdHWmtwYzFSZnRTeDJSenRsQ0ZSckVhV1RQYTFzcXBVanMzdTdXcE4yRk5KMFRlN2x6MEo0V1QKVmtjSDJ2MnJzaytMUThhdE96WGlBZUk9Ci0tLS0tRU5EIENFUlRJRklDQVRFLS0tLS0K"
              }
            ],
            "master_authorized_networks_config": [],
            "master_version": "1.33.5-gke.2118001",
            "mesh_certificates": [],
            "min_master_version": null,
            "monitoring_config": [
              {
                "advanced_datapath_observability_config": [
                  {
                    "enable_metrics": false,
                    "relay_mode": ""
                  }
                ],
                "enable_components": [
                  "SYSTEM_COMPONENTS",
                  "DEPLOYMENT",
                  "STATEFULSET",
                  "JOBSET",
                  "STORAGE",
                  "HPA",
                  "POD",
                  "DAEMONSET",
                  "CADVISOR",
                  "KUBELET",
                  "DCGM"
                ],
                "managed_prometheus": [
                  {
                    "enabled": true
                  }
                ]
              }
            ],
            "monitoring_service": "monitoring.googleapis.com/kubernetes",
            "name": "cluster-one",
            "network": "projects/ubioworo-project/global/networks/gke-vpc",
            "network_policy": [
              {
                "enabled": false,
                "provider": "PROVIDER_UNSPECIFIED"
              }
            ],
            "networking_mode": "ROUTES",
            "node_config": [],
            "node_locations": [],
            "node_pool": [],
            "node_pool_auto_config": [
              {
                "network_tags": null
              }
            ],
            "node_pool_defaults": [
              {
                "node_config_defaults": [
                  {
                    "logging_variant": "DEFAULT"
                  }
                ]
              }
            ],
            "node_version": "1.33.5-gke.2118001",
            "notification_config": [
              {
                "pubsub": [
                  {
                    "enabled": false,
                    "filter": [],
                    "topic": ""
                  }
                ]
              }
            ],
            "operation": null,
            "private_cluster_config": [
              {
                "enable_private_endpoint": false,
                "enable_private_nodes": false,
                "master_global_access_config": [
                  {
                    "enabled": false
                  }
                ],
                "master_ipv4_cidr_block": "",
                "peering_name": "",
                "private_endpoint": "10.10.0.3",
                "private_endpoint_subnetwork": "",
                "public_endpoint": "34.46.187.179"
              }
            ],
            "private_ipv6_google_access": "",
            "project": "ubioworo-project",
            "release_channel": [
              {
                "channel": "REGULAR"
              }
            ],
            "remove_default_node_pool": true,
            "resource_labels": null,
            "resource_usage_export_config": [],
            "security_posture_config": [
              {
                "mode": "BASIC",
                "vulnerability_mode": "VULNERABILITY_MODE_UNSPECIFIED"
              }
            ],
            "self_link": "https://container.googleapis.com/v1/projects/ubioworo-project/zones/us-central1-a/clusters/cluster-one",
            "service_external_ips_config": [
              {
                "enabled": false
              }
            ],
            "services_ipv4_cidr": "10.75.240.0/20",
            "subnetwork": "projects/ubioworo-project/regions/us-central1/subnetworks/gke-vpc-subnet",
            "timeouts": null,
            "tpu_ipv4_cidr_block": "",
            "vertical_pod_autoscaling": [],
            "workload_identity_config": []
          },
          "sensitive_attributes": [],
          "private": "eyJlMmJmYjczMC1lY2FhLTExZTYtOGY4OC0zNDM2M2JjN2M0YzAiOnsiY3JlYXRlIjoyNDAwMDAwMDAwMDAwLCJkZWxldGUiOjI0MDAwMDAwMDAwMDAsInJlYWQiOjI0MDAwMDAwMDAwMDAsInVwZGF0ZSI6MzYwMDAwMDAwMDAwMH0sInNjaGVtYV92ZXJzaW9uIjoiMSJ9",
          "dependencies": [
            "module.network.google_compute_network.vpc",
            "module.network.google_compute_subnetwork.subnet"
          ]
        }
      ]
    },
    {
      "module": "module.cluster_one",
      "mode": "managed",
      "type": "google_container_node_pool",
      "name": "primary_nodes",
      "provider": "provider[\"registry.terraform.io/hashicorp/google\"]",
      "instances": [
        {
          "schema_version": 1,
          "attributes": {
            "autoscaling": [],
            "cluster": "cluster-one",
            "id": "projects/ubioworo-project/locations/us-central1-a/clusters/cluster-one/nodePools/cluster-one-node-pool",
            "initial_node_count": 1,
            "instance_group_urls": [
              "https://www.googleapis.com/compute/v1/projects/ubioworo-project/zones/us-central1-a/instanceGroupManagers/gke-cluster-one-cluster-one-node-pool-ef4d1444-grp"
            ],
            "location": "us-central1-a",
            "managed_instance_group_urls": [
              "https://www.googleapis.com/compute/v1/projects/ubioworo-project/zones/us-central1-a/instanceGroups/gke-cluster-one-cluster-one-node-pool-ef4d1444-grp"
            ],
            "management": [
              {
                "auto_repair": true,
                "auto_upgrade": true
              }
            ],
            "max_pods_per_node": null,
            "name": "cluster-one-node-pool",
            "name_prefix": "",
            "network_config": [],
            "node_config": [
              {
                "advanced_machine_features": [],
                "boot_disk_kms_key": "",
                "confidential_nodes": [],
                "disk_size_gb": 100,
                "disk_type": "pd-balanced",
                "ephemeral_storage_local_ssd_config": [],
                "fast_socket": [],
                "gcfs_config": [],
                "guest_accelerator": [],
                "gvnic": [],
                "host_maintenance_policy": [],
                "image_type": "COS_CONTAINERD",
                "kubelet_config": [
                  {
                    "cpu_cfs_quota": false,
                    "cpu_cfs_quota_period": "",
                    "cpu_manager_policy": "",
                    "pod_pids_limit": 0
                  }
                ],
                "labels": {},
                "linux_node_config": [],
                "local_nvme_ssd_block_config": [],
                "local_ssd_count": 0,
                "logging_variant": "DEFAULT",
                "machine_type": "e2-medium",
                "metadata": {
                  "disable-legacy-endpoints": "true"
                },
                "min_cpu_platform": "",
                "node_group": "",
                "oauth_scopes": [
                  "https://www.googleapis.com/auth/cloud-platform"
                ],
                "preemptible": false,
                "reservation_affinity": [],
                "resource_labels": {
                  "goog-gke-node-pool-provisioning-model": "on-demand"
                },
                "service_account": "gke-nodes-sa@ubioworo-project.iam.gserviceaccount.com",
                "shielded_instance_config": [
                  {
                    "enable_integrity_monitoring": true,
                    "enable_secure_boot": false
                  }
                ],
                "sole_tenant_config": [],
                "spot": false,
                "tags": null,
                "taint": [],
                "workload_metadata_config": []
              }
            ],
            "node_count": 1,
            "node_locations": [
              "us-central1-a"
            ],
            "operation": null,
            "placement_policy": [],
            "project": "ubioworo-project",
            "timeouts": null,
            "upgrade_settings": [
              {
                "blue_green_settings": [],
                "max_surge": 1,
                "max_unavailable": 0,
                "strategy": "SURGE"
              }
            ],
            "version": "1.33.5-gke.2118001"
          },
          "sensitive_attributes": [],
          "private": "eyJlMmJmYjczMC1lY2FhLTExZTYtOGY4OC0zNDM2M2JjN2M0YzAiOnsiY3JlYXRlIjoxODAwMDAwMDAwMDAwLCJkZWxldGUiOjE4MDAwMDAwMDAwMDAsInVwZGF0ZSI6MTgwMDAwMDAwMDAwMH0sInNjaGVtYV92ZXJzaW9uIjoiMSJ9",
          "dependencies": [
            "module.cluster_one.google_container_cluster.primary",
            "module.iam_registry.google_service_account.gke_nodes_sa",
            "module.network.google_compute_network.vpc",
            "module.network.google_compute_subnetwork.subnet"
          ]
        }
      ]
    },
    {
      "module": "module.cluster_two",
      "mode": "managed",
      "type": "google_container_cluster",
      "name": "primary",
      "provider": "provider[\"registry.terraform.io/hashicorp/google\"]",
      "instances": [
        {
          "schema_version": 1,
          "attributes": {
            "addons_config": [
              {
                "cloudrun_config": [],
                "config_connector_config": [],
                "dns_cache_config": [],
                "gce_persistent_disk_csi_driver_config": [
                  {
                    "enabled": true
                  }
                ],
                "gcp_filestore_csi_driver_config": [],
                "gcs_fuse_csi_driver_config": [],
                "gke_backup_agent_config": [],
                "horizontal_pod_autoscaling": [],
                "http_load_balancing": [],
                "network_policy_config": [
                  {
                    "disabled": true
                  }
                ]
              }
            ],
            "allow_net_admin": null,
            "authenticator_groups_config": [],
            "binary_authorization": [
              {
                "enabled": false,
                "evaluation_mode": ""
              }
            ],
            "cluster_autoscaling": [
              {
                "auto_provisioning_defaults": [],
                "enabled": false,
                "resource_limits": []
              }
            ],
            "cluster_ipv4_cidr": "10.120.0.0/14",
            "confidential_nodes": [],
            "cost_management_config": [],
            "database_encryption": [
              {
                "key_name": "",
                "state": "DECRYPTED"
              }
            ],
            "datapath_provider": "",
            "default_max_pods_per_node": null,
            "default_snat_status": [
              {
                "disabled": false
              }
            ],
            "description": "",
            "dns_config": [],
            "enable_autopilot": false,
            "enable_binary_authorization": false,
            "enable_intranode_visibility": false,
            "enable_k8s_beta_apis": [],
            "enable_kubernetes_alpha": false,
            "enable_l4_ilb_subsetting": false,
            "enable_legacy_abac": false,
            "enable_shielded_nodes": true,
            "enable_tpu": false,
            "endpoint": "34.57.236.134",
            "gateway_api_config": [],
            "id": "projects/ubioworo-project/locations/us-central1-b/clusters/cluster-two",
            "initial_node_count": 1,
            "ip_allocation_policy": [],
            "label_fingerprint": "a9dc16a7",
            "location": "us-central1-b",
            "logging_config": [
              {
                "enable_components": [
                  "SYSTEM_COMPONENTS",
                  "WORKLOADS"
                ]
              }
            ],
            "logging_service": "logging.googleapis.com/kubernetes",
            "maintenance_policy": [],
            "master_auth": [
              {
                "client_certificate": "",
                "client_certificate_config": [
                  {
                    "issue_client_certificate": false
                  }
                ],
                "client_key": "",
                "cluster_ca_certificate": "LS0tLS1CRUdJTiBDRVJUSUZJQ0FURS0tLS0tCk1JSUVMRENDQXBTZ0F3SUJBZ0lRZXVtZHRoaldGNDJENEFXc1hCK1pJREFOQmdrcWhraUc5dzBCQVFzRkFEQXYKTVMwd0t3WURWUVFERXlRd1pERTNNakkyTnkxbU1tRmhMVFEzTjJRdFltTXhPUzFoTnpJek9XRXpaakpsTkdRdwpJQmNOTWpZd01qQTBNVFkwTWpRMldoZ1BNakExTmpBeE1qZ3hOelF5TkRaYU1DOHhMVEFyQmdOVkJBTVRKREJrCk1UY3lNalkzTFdZeVlXRXRORGMzWkMxaVl6RTVMV0UzTWpNNVlUTm1NbVUwWkRDQ0FhSXdEUVlKS29aSWh2Y04KQVFFQkJRQURnZ0dQQURDQ0FZb0NnZ0dCQU1zUDNpdENkcnJ0VlYzVDdRMzR4ZCtxLzJXdFZHZVJGYzc5bFJsTwoyZlFqMEtkd2JCSGl3SGJLako3NFg3SGVrVkNKM3NIb0lxUExsRkRyT3YyUy84ZmZZRGhwSTBoMkRUT1dFMUVBCjlNMkRYNDA0OTBaNlpUNXZ1N2FydndoeVFLcThQbkZ1OG91K0lEK285NEV2c1Fpa2lBeHYvU3BxQ21RNnU0ZGIKd09lVUJMM1VVeFVQMDlpM01xbEhyaC8wTTBveG5qTXNWanduVFR0eW50SmhrVWR5c0c5Mk1maGYxNTBoWHpzbwp4ZHFOT3VMVW9LRHJSa1FyL1k0aHFReXpqTXJhT1R2UlNuZDBsYVFic25Fd1Biem9UMC9MbFRSeVZpcFRBRUZHCk02L3h6TjRwMXM3Q2dqK0EvZmwxTUFVbzdseWhZc1JhRVpjdG9EclhxMTE4bWZyUVA2eXV6TXR6NmVMWUo3c2MKM0h4d0tzaG5ZeDJXRXRKWHBGQmZTVW5SSFIzZXkzQ2d1NHpURWVJM2ppNmM2bVQrT2xHVGJYUEJHZ2ZlWXAzNQpCT2RCbHpDb085UXRRaWh2QWl0WFdIVG52NzFmMHlKSUFRNzRTWTVlUHdyV0dQYkw5KzRaUlVUdjdkcTFUTUJZCnEyZlphR0RsdTV5YUp0cTd6c2U3K1lYSDhRSURBUUFCbzBJd1FEQU9CZ05WSFE4QkFmOEVCQU1DQWdRd0R3WUQKVlIwVEFRSC9CQVV3QXdFQi96QWRCZ05WSFE0RUZnUVVHNCtHZnU0OVluemNNOXkwOFYvQit4QVFrWTh3RFFZSgpLb1pJaHZjTkFRRUxCUUFEZ2dHQkFMVm1ZZndCN09uajdrUkdvdGJOODlKTFIvZHFwRjFGT0wvNU93WG4xenpuCnNKTmpRQitoQUtzU09nWXkraitaMmUwQzBNYnd0Mm9seXJaV3JGeUc5S3dnL1hNbzJLSnZMQXk0d1BNNGRlOFEKUzNZaDRwQ2ZneUIzUGh1UXQwY1V5bEFNVTZSWUc5bkNWVVAySnFwb0Uva0d0d1lJTGE2MFVNTDR1M0gzV1F0bAoyd0xtQ0p1QXpRRHpIV2xQZ2g2WW00a3E0NVZ5R05DeThtYlM3dW0yNjRaWlo4SjVjR3pNTjBwR1NwR1lyOHlDCnVkRzg2WGZLeEVPSGpsMVZnQ2JoTm9vdFpIeU05eGltekpscFpudklwMGFLRDltV2VQV3lPVVp2K3hjYW5EUTEKdHk4SXRBZnMzMDhLa3JDUEFPd200U3FsVTcvOTkzRUNua04xcmtBM2NhOVRZU2pSWlYwRmpGc09iVHQ0VnlkeQpHNUkxZVZaRFdmNlY3bTlBeW1YWGJqRTFqZ3BqSENqSG1RRjFXcEFSR3p2OENybVRhZ0RHMFJEOGJWd1o3dnJOCmR3WS9ZcUt5OWc4eTJXT2FzVS9NL0p5aVJWekFQZW8yb1JPREs2Yld1Yjc5MFo2NW1PZElxd2RwNkdVY3ZabTgKODl0RUZaRUorMGtYREk4QzkrSUp2Zz09Ci0tLS0tRU5EIENFUlRJRklDQVRFLS0tLS0K"
              }
            ],
            "master_authorized_networks_config": [],
            "master_version": "1.33.5-gke.2118001",
            "mesh_certificates": [],
            "min_master_version": null,
            "monitoring_config": [
              {
                "advanced_datapath_observability_config": [
                  {
                    "enable_metrics": false,
                    "relay_mode": ""
                  }
                ],
                "enable_components": [
                  "SYSTEM_COMPONENTS",
                  "JOBSET",
                  "STORAGE",
                  "HPA",
                  "POD",
                  "DAEMONSET",
                  "DEPLOYMENT",
                  "STATEFULSET",
                  "CADVISOR",
                  "KUBELET",
                  "DCGM"
                ],
                "managed_prometheus": [
                  {
                    "enabled": true
                  }
                ]
              }
            ],
            "monitoring_service": "monitoring.googleapis.com/kubernetes",
            "name": "cluster-two",
            "network": "projects/ubioworo-project/global/networks/gke-vpc",
            "network_policy": [
              {
                "enabled": false,
                "provider": "PROVIDER_UNSPECIFIED"
              }
            ],
            "networking_mode": "ROUTES",
            "node_config": [],
            "node_locations": [],
            "node_pool": [],
            "node_pool_auto_config": [
              {
                "network_tags": null
              }
            ],
            "node_pool_defaults": [
              {
                "node_config_defaults": [
                  {
                    "logging_variant": "DEFAULT"
                  }
                ]
              }
            ],
            "node_version": "1.33.5-gke.2118001",
            "notification_config": [
              {
                "pubsub": [
                  {
                    "enabled": false,
                    "filter": [],
                    "topic": ""
                  }
                ]
              }
            ],
            "operation": null,
            "private_cluster_config": [
              {
                "enable_private_endpoint": false,
                "enable_private_nodes": false,
                "master_global_access_config": [
                  {
                    "enabled": false
                  }
                ],
                "master_ipv4_cidr_block": "",
                "peering_name": "",
                "private_endpoint": "10.10.0.2",
                "private_endpoint_subnetwork": "",
                "public_endpoint": "34.57.236.134"
              }
            ],
            "private_ipv6_google_access": "",
            "project": "ubioworo-project",
            "release_channel": [
              {
                "channel": "REGULAR"
              }
            ],
            "remove_default_node_pool": true,
            "resource_labels": null,
            "resource_usage_export_config": [],
            "security_posture_config": [
              {
                "mode": "BASIC",
                "vulnerability_mode": "VULNERABILITY_MODE_UNSPECIFIED"
              }
            ],
            "self_link": "https://container.googleapis.com/v1/projects/ubioworo-project/zones/us-central1-b/clusters/cluster-two",
            "service_external_ips_config": [
              {
                "enabled": false
              }
            ],
            "services_ipv4_cidr": "10.123.240.0/20",
            "subnetwork": "projects/ubioworo-project/regions/us-central1/subnetworks/gke-vpc-subnet",
            "timeouts": null,
            "tpu_ipv4_cidr_block": "",
            "vertical_pod_autoscaling": [],
            "workload_identity_config": []
          },
          "sensitive_attributes": [],
          "private": "eyJlMmJmYjczMC1lY2FhLTExZTYtOGY4OC0zNDM2M2JjN2M0YzAiOnsiY3JlYXRlIjoyNDAwMDAwMDAwMDAwLCJkZWxldGUiOjI0MDAwMDAwMDAwMDAsInJlYWQiOjI0MDAwMDAwMDAwMDAsInVwZGF0ZSI6MzYwMDAwMDAwMDAwMH0sInNjaGVtYV92ZXJzaW9uIjoiMSJ9",
          "dependencies": [
            "module.network.google_compute_network.vpc",
            "module.network.google_compute_subnetwork.subnet"
          ]
        }
      ]
    },
    {
      "module": "module.cluster_two",
      "mode": "managed",
      "type": "google_container_node_pool",
      "name": "primary_nodes",
      "provider": "provider[\"registry.terraform.io/hashicorp/google\"]",
      "instances": [
        {
          "schema_version": 1,
          "attributes": {
            "autoscaling": [],
            "cluster": "cluster-two",
            "id": "projects/ubioworo-project/locations/us-central1-b/clusters/cluster-two/nodePools/cluster-two-node-pool",
            "initial_node_count": 1,
            "instance_group_urls": [
              "https://www.googleapis.com/compute/v1/projects/ubioworo-project/zones/us-central1-b/instanceGroupManagers/gke-cluster-two-cluster-two-node-pool-a1c6f442-grp"
            ],
            "location": "us-central1-b",
            "managed_instance_group_urls": [
              "https://www.googleapis.com/compute/v1/projects/ubioworo-project/zones/us-central1-b/instanceGroups/gke-cluster-two-cluster-two-node-pool-a1c6f442-grp"
            ],
            "management": [
              {
                "auto_repair": true,
                "auto_upgrade": true
              }
            ],
            "max_pods_per_node": null,
            "name": "cluster-two-node-pool",
            "name_prefix": "",
            "network_config": [],
            "node_config": [
              {
                "advanced_machine_features": [],
                "boot_disk_kms_key": "",
                "confidential_nodes": [],
                "disk_size_gb": 100,
                "disk_type": "pd-balanced",
                "ephemeral_storage_local_ssd_config": [],
                "fast_socket": [],
                "gcfs_config": [],
                "guest_accelerator": [],
                "gvnic": [],
                "host_maintenance_policy": [],
                "image_type": "COS_CONTAINERD",
                "kubelet_config": [
                  {
                    "cpu_cfs_quota": false,
                    "cpu_cfs_quota_period": "",
                    "cpu_manager_policy": "",
                    "pod_pids_limit": 0
                  }
                ],
                "labels": {},
                "linux_node_config": [],
                "local_nvme_ssd_block_config": [],
                "local_ssd_count": 0,
                "logging_variant": "DEFAULT",
                "machine_type": "e2-medium",
                "metadata": {
                  "disable-legacy-endpoints": "true"
                },
                "min_cpu_platform": "",
                "node_group": "",
                "oauth_scopes": [
                  "https://www.googleapis.com/auth/cloud-platform"
                ],
                "preemptible": false,
                "reservation_affinity": [],
                "resource_labels": {
                  "goog-gke-node-pool-provisioning-model": "on-demand"
                },
                "service_account": "gke-nodes-sa@ubioworo-project.iam.gserviceaccount.com",
                "shielded_instance_config": [
                  {
                    "enable_integrity_monitoring": true,
                    "enable_secure_boot": false
                  }
                ],
                "sole_tenant_config": [],
                "spot": false,
                "tags": null,
                "taint": [],
                "workload_metadata_config": []
              }
            ],
            "node_count": 1,
            "node_locations": [
              "us-central1-b"
            ],
            "operation": null,
            "placement_policy": [],
            "project": "ubioworo-project",
            "timeouts": null,
            "upgrade_settings": [
              {
                "blue_green_settings": [],
                "max_surge": 1,
                "max_unavailable": 0,
                "strategy": "SURGE"
              }
            ],
            "version": "1.33.5-gke.2118001"
          },
          "sensitive_attributes": [],
          "private": "eyJlMmJmYjczMC1lY2FhLTExZTYtOGY4OC0zNDM2M2JjN2M0YzAiOnsiY3JlYXRlIjoxODAwMDAwMDAwMDAwLCJkZWxldGUiOjE4MDAwMDAwMDAwMDAsInVwZGF0ZSI6MTgwMDAwMDAwMDAwMH0sInNjaGVtYV92ZXJzaW9uIjoiMSJ9",
          "dependencies": [
            "module.cluster_two.google_container_cluster.primary",
            "module.iam_registry.google_service_account.gke_nodes_sa",
            "module.network.google_compute_network.vpc",
            "module.network.google_compute_subnetwork.subnet"
          ]
        }
      ]
    },
    {
      "module": "module.iam_registry",
      "mode": "managed",
      "type": "google_artifact_registry_repository",
      "name": "my_repo",
      "provider": "provider[\"registry.terraform.io/hashicorp/google\"]",
      "instances": [
        {
          "schema_version": 0,
          "attributes": {
            "create_time": "2026-02-04T17:41:59.319041Z",
            "description": "Docker repository for CI/CD",
            "docker_config": [],
            "format": "DOCKER",
            "id": "projects/ubioworo-project/locations/us-central1/repositories/my-repository",
            "kms_key_name": "",
            "labels": null,
            "location": "us-central1",
            "maven_config": [],
            "mode": "STANDARD_REPOSITORY",
            "name": "my-repository",
            "project": "ubioworo-project",
            "remote_repository_config": [],
            "repository_id": "my-repository",
            "timeouts": null,
            "update_time": "2026-02-04T17:41:59.319041Z",
            "virtual_repository_config": []
          },
          "sensitive_attributes": [],
          "private": "eyJlMmJmYjczMC1lY2FhLTExZTYtOGY4OC0zNDM2M2JjN2M0YzAiOnsiY3JlYXRlIjoxMjAwMDAwMDAwMDAwLCJkZWxldGUiOjEyMDAwMDAwMDAwMDAsInVwZGF0ZSI6MTIwMDAwMDAwMDAwMH19"
        }
      ]
    },
    {
      "module": "module.iam_registry",
      "mode": "managed",
      "type": "google_artifact_registry_repository_iam_member",
      "name": "repo_pusher",
      "provider": "provider[\"registry.terraform.io/hashicorp/google\"]",
      "instances": [
        {
          "schema_version": 0,
          "attributes": {
            "condition": [],
            "etag": "BwZKAxNJGXE=",
            "id": "projects/ubioworo-project/locations/us-central1/repositories/my-repository/roles/artifactregistry.writer/serviceAccount:github-actions-cicd@ubioworo-project.iam.gserviceaccount.com",
            "location": "us-central1",
            "member": "serviceAccount:github-actions-cicd@ubioworo-project.iam.gserviceaccount.com",
            "project": "ubioworo-project",
            "repository": "projects/ubioworo-project/locations/us-central1/repositories/my-repository",
            "role": "roles/artifactregistry.writer"
          },
          "sensitive_attributes": [],
          "private": "bnVsbA==",
          "dependencies": [
            "module.iam_registry.google_artifact_registry_repository.my_repo",
            "module.iam_registry.google_service_account.github_actions_sa"
          ]
        }
      ]
    },
    {
      "module": "module.iam_registry",
      "mode": "managed",
      "type": "google_artifact_registry_repository_iam_member",
      "name": "repo_reader",
      "provider": "provider[\"registry.terraform.io/hashicorp/google\"]",
      "instances": [
        {
          "schema_version": 0,
          "attributes": {
            "condition": [],
            "etag": "BwZKAxNJGXE=",
            "id": "projects/ubioworo-project/locations/us-central1/repositories/my-repository/roles/artifactregistry.reader/serviceAccount:gke-nodes-sa@ubioworo-project.iam.gserviceaccount.com",
            "location": "us-central1",
            "member": "serviceAccount:gke-nodes-sa@ubioworo-project.iam.gserviceaccount.com",
            "project": "ubioworo-project",
            "repository": "projects/ubioworo-project/locations/us-central1/repositories/my-repository",
            "role": "roles/artifactregistry.reader"
          },
          "sensitive_attributes": [],
          "private": "bnVsbA==",
          "dependencies": [
            "module.iam_registry.google_artifact_registry_repository.my_repo",
            "module.iam_registry.google_service_account.gke_nodes_sa"
          ]
        }
      ]
    },
    {
      "module": "module.iam_registry",
      "mode": "managed",
      "type": "google_project_iam_member",
      "name": "gke_node_system_roles",
      "provider": "provider[\"registry.terraform.io/hashicorp/google\"]",
      "instances": [
        {
          "index_key": "roles/artifactregistry.reader",
          "schema_version": 0,
          "attributes": {
            "condition": [],
            "etag": "BwZKAxMBiuA=",
            "id": "ubioworo-project/roles/artifactregistry.reader/serviceAccount:gke-nodes-sa@ubioworo-project.iam.gserviceaccount.com",
            "member": "serviceAccount:gke-nodes-sa@ubioworo-project.iam.gserviceaccount.com",
            "project": "ubioworo-project",
            "role": "roles/artifactregistry.reader"
          },
          "sensitive_attributes": [],
          "private": "bnVsbA==",
          "dependencies": [
            "module.iam_registry.google_service_account.gke_nodes_sa"
          ]
        },
        {
          "index_key": "roles/logging.logWriter",
          "schema_version": 0,
          "attributes": {
            "condition": [],
            "etag": "BwZKAxMBiuA=",
            "id": "ubioworo-project/roles/logging.logWriter/serviceAccount:gke-nodes-sa@ubioworo-project.iam.gserviceaccount.com",
            "member": "serviceAccount:gke-nodes-sa@ubioworo-project.iam.gserviceaccount.com",
            "project": "ubioworo-project",
            "role": "roles/logging.logWriter"
          },
          "sensitive_attributes": [],
          "private": "bnVsbA==",
          "dependencies": [
            "module.iam_registry.google_service_account.gke_nodes_sa"
          ]
        },
        {
          "index_key": "roles/monitoring.metricWriter",
          "schema_version": 0,
          "attributes": {
            "condition": [],
            "etag": "BwZKAxMBiuA=",
            "id": "ubioworo-project/roles/monitoring.metricWriter/serviceAccount:gke-nodes-sa@ubioworo-project.iam.gserviceaccount.com",
            "member": "serviceAccount:gke-nodes-sa@ubioworo-project.iam.gserviceaccount.com",
            "project": "ubioworo-project",
            "role": "roles/monitoring.metricWriter"
          },
          "sensitive_attributes": [],
          "private": "bnVsbA==",
          "dependencies": [
            "module.iam_registry.google_service_account.gke_nodes_sa"
          ]
        },
        {
          "index_key": "roles/monitoring.viewer",
          "schema_version": 0,
          "attributes": {
            "condition": [],
            "etag": "BwZKAxMBiuA=",
            "id": "ubioworo-project/roles/monitoring.viewer/serviceAccount:gke-nodes-sa@ubioworo-project.iam.gserviceaccount.com",
            "member": "serviceAccount:gke-nodes-sa@ubioworo-project.iam.gserviceaccount.com",
            "project": "ubioworo-project",
            "role": "roles/monitoring.viewer"
          },
          "sensitive_attributes": [],
          "private": "bnVsbA==",
          "dependencies": [
            "module.iam_registry.google_service_account.gke_nodes_sa"
          ]
        },
        {
          "index_key": "roles/stackdriver.resourceMetadata.writer",
          "schema_version": 0,
          "attributes": {
            "condition": [],
            "etag": "BwZKAxMBiuA=",
            "id": "ubioworo-project/roles/stackdriver.resourceMetadata.writer/serviceAccount:gke-nodes-sa@ubioworo-project.iam.gserviceaccount.com",
            "member": "serviceAccount:gke-nodes-sa@ubioworo-project.iam.gserviceaccount.com",
            "project": "ubioworo-project",
            "role": "roles/stackdriver.resourceMetadata.writer"
          },
          "sensitive_attributes": [],
          "private": "bnVsbA==",
          "dependencies": [
            "module.iam_registry.google_service_account.gke_nodes_sa"
          ]
        }
      ]
    },
    {
      "module": "module.iam_registry",
      "mode": "managed",
      "type": "google_project_iam_member",
      "name": "node_logs",
      "provider": "provider[\"registry.terraform.io/hashicorp/google\"]",
      "instances": [
        {
          "schema_version": 0,
          "attributes": {
            "condition": [],
            "etag": "BwZKAxMBiuA=",
            "id": "ubioworo-project/roles/logging.logWriter/serviceAccount:gke-nodes-sa@ubioworo-project.iam.gserviceaccount.com",
            "member": "serviceAccount:gke-nodes-sa@ubioworo-project.iam.gserviceaccount.com",
            "project": "ubioworo-project",
            "role": "roles/logging.logWriter"
          },
          "sensitive_attributes": [],
          "private": "bnVsbA==",
          "dependencies": [
            "module.iam_registry.google_service_account.gke_nodes_sa"
          ]
        }
      ]
    },
    {
      "module": "module.iam_registry",
      "mode": "managed",
      "type": "google_service_account",
      "name": "github_actions_sa",
      "provider": "provider[\"registry.terraform.io/hashicorp/google\"]",
      "instances": [
        {
          "schema_version": 0,
          "attributes": {
            "account_id": "github-actions-cicd",
            "description": "",
            "disabled": false,
            "display_name": "Service Account for GitHub Actions CI/CD",
            "email": "github-actions-cicd@ubioworo-project.iam.gserviceaccount.com",
            "id": "projects/ubioworo-project/serviceAccounts/github-actions-cicd@ubioworo-project.iam.gserviceaccount.com",
            "member": "serviceAccount:github-actions-cicd@ubioworo-project.iam.gserviceaccount.com",
            "name": "projects/ubioworo-project/serviceAccounts/github-actions-cicd@ubioworo-project.iam.gserviceaccount.com",
            "project": "ubioworo-project",
            "timeouts": null,
            "unique_id": "116533968906489475317"
          },
          "sensitive_attributes": [],
          "private": "eyJlMmJmYjczMC1lY2FhLTExZTYtOGY4OC0zNDM2M2JjN2M0YzAiOnsiY3JlYXRlIjozMDAwMDAwMDAwMDB9fQ=="
        }
      ]
    },
    {
      "module": "module.iam_registry",
      "mode": "managed",
      "type": "google_service_account",
      "name": "gke_nodes_sa",
      "provider": "provider[\"registry.terraform.io/hashicorp/google\"]",
      "instances": [
        {
          "schema_version": 0,
          "attributes": {
            "account_id": "gke-nodes-sa",
            "description": "",
            "disabled": false,
            "display_name": "Custom Service Account for GKE Nodes",
            "email": "gke-nodes-sa@ubioworo-project.iam.gserviceaccount.com",
            "id": "projects/ubioworo-project/serviceAccounts/gke-nodes-sa@ubioworo-project.iam.gserviceaccount.com",
            "member": "serviceAccount:gke-nodes-sa@ubioworo-project.iam.gserviceaccount.com",
            "name": "projects/ubioworo-project/serviceAccounts/gke-nodes-sa@ubioworo-project.iam.gserviceaccount.com",
            "project": "ubioworo-project",
            "timeouts": null,
            "unique_id": "111840817072524229937"
          },
          "sensitive_attributes": [],
          "private": "eyJlMmJmYjczMC1lY2FhLTExZTYtOGY4OC0zNDM2M2JjN2M0YzAiOnsiY3JlYXRlIjozMDAwMDAwMDAwMDB9fQ=="
        }
      ]
    },
    {
      "module": "module.iam_registry",
      "mode": "managed",
      "type": "google_service_account_key",
      "name": "mykey",
      "provider": "provider[\"registry.terraform.io/hashicorp/google\"]",
      "instances": [
        {
          "schema_version": 0,
          "attributes": {
            "id": "projects/ubioworo-project/serviceAccounts/github-actions-cicd@ubioworo-project.iam.gserviceaccount.com/keys/82ea63b7832a66e50fb0d7050fbe1adf8f28f653",
            "keepers": null,
            "key_algorithm": "KEY_ALG_RSA_2048",
            "name": "projects/ubioworo-project/serviceAccounts/github-actions-cicd@ubioworo-project.iam.gserviceaccount.com/keys/82ea63b7832a66e50fb0d7050fbe1adf8f28f653",
            "private_key": "ewogICJ0eXBlIjogInNlcnZpY2VfYWNjb3VudCIsCiAgInByb2plY3RfaWQiOiAidWJpb3dvcm8tcHJvamVjdCIsCiAgInByaXZhdGVfa2V5X2lkIjogIjgyZWE2M2I3ODMyYTY2ZTUwZmIwZDcwNTBmYmUxYWRmOGYyOGY2NTMiLAogICJwcml2YXRlX2tleSI6ICItLS0tLUJFR0lOIFBSSVZBVEUgS0VZLS0tLS1cbk1JSUV2QUlCQURBTkJna3Foa2lHOXcwQkFRRUZBQVNDQktZd2dnU2lBZ0VBQW9JQkFRRGFmREQ1b25VMjBTdVZcblcvemJFb0dpNU1rbFRySHR3SUtJWDg0NysxVlFRUTNWcG9SUVFDYkVHNjYyRlpDL0Jpd2ZTaHUwcytMMTNUSnFcbkZEYmgzY1VMaHZIOXNLVE40ZThXa21zOWxTSk9mQ0dkYUdOelBJbDdxdUMzN1MvbHlhbTYzR05tcjVFNGNuMmJcblF4cGE2akh2RDNMT2tSemllUjJNNWVWUU1iek9DS25kVVQ4bENVaGxEQUIxOUNiQkptcGFCS1ZWamUrMDdJU2lcbk5QZmpzMHUrVXVaNzU5Z1BzdlFzMUNoaTJNRGp2MFFjQldYMWZNNHJ3S3hZaVl2aURkd3llQjk3QVV6L2ZTQ2dcbk04aUp6RlAwT3ZRSWdHaUJZZDYwL2tydHhFZDhHVWVWbXlaZGxYMHNocUU5MjNFMUNTc0twTGZsSWlzcFJtM1JcblZuRXliYitYQWdNQkFBRUNnZ0VBTTd0VEoxQ0JtM1NrY3EyQXJlaHdYSDc2WjRSK0diTEsxWHFGek9zQ05NbnFcbmVpdCt5YmVlMWpGTnlWeEsxUWdqbTFjRFAyS1dleXVnTzhERWkrOWtNQW9JTTA3SGZ0NGZxOE1JZEdEaTZoMTNcbklodXM3SVNwY3VndlpDMWJlWGVwNGc0NzFQeitFQlQveTZyMFN4R0h1RGg2c1JGbit2RzlmdmFTT001R0M2eE9cblpueXd4Ymh2bnQzckVGQ0o4SndhSVpyVkxqSjJxbWJtVlEzQUZBYXUrYnkzbGd6cWtOZUtROThzeWJiYXgya0NcbktjaVMxK1I2M2tKcWwzSGdEV0d1Y1ZQZ0JxaGcyRTllWXg2RkhaTk1CQkozZUlYQndpbG1pa1FxdUxYcWpGcStcbjFCY1A5N3dBMktpU1lkUEc1Vkx4ZFNZUVRCZFdiQ21McUdHNzN4QXoxUUtCZ1FEMUxBbHJXRXpaL2Zka2ZYM1VcbmpHTkdITmVjcGF1cmVVeTgyRFFGOFB1SVR6L1E0Z1RaZFRyNlJCcThpV1NzZGhONVRUblQraGFKZFU4bG9pUjlcbk5VTmhKWXdERWVWZlR4Z04zSjFreHNmZVU3dXozTjRybURxTEIzampwWWNFSVJtK3E0M3JOUkU5V3IrUGl3dGJcbklyakhqcWhobUVKZXlGSW5kN083N3hacG93S0JnUURrSW0xYzlpSVRNeEF3WnlyQUJ3d0lJK3M0Znc2ZlVWM2tcbnp4ZUExakIzcFVwWWZudjdjcmRYWXFpSWtLNDd6YmI4REV0Q1FpYmxydC9wMlNmUmtuMTA2K2ZTOUhUeTdxRE1cbm04d0pJN0c1Rmw4OGpzTnpkZ29uN0hiREdkN3RGZWJjR3dyMk03b2xNck9vdmpmZVNyU0QrNTVIQ1p5V1dYTEhcbjF4blMrRnZaZlFLQmdEakY0Y2lCd2dvWXpWanYxbHVKeHROTmlvQXp2UFVRT2J6aE0rck1TdkxkcHlGdnRUL0ZcbjdjcFdTdnF0dGlwWmpWamhrU3FORnZydHQwNDNwY3Q0c2dtazhDOGx6YitzU1Iyc29LWGRnaHJ4dU4yRm44em9cbmkyWDJiUUFLTEtIQUtINEdxKzV6YzNLSnVTSThTSHpxSlcvUWtSMUliTllWL1RBMmYrQmRGUXVSQW9HQVRhV3lcbkYydm0yU1lPSW90YXI1VTJjU2JZanBnZ1AvV1B3YXNDMHVVVUJnVUtNdWlLQm1GYktiRDRyOUtlbXRnL3FiWDlcbmY0WEllM0J6NGNINW5Za0FqbVVrdUZaZjM3ZDhuMmQvb0xTM2JzbkFqSG9DNkMrSzhWKzRaRnRQMXQ0WGYxN3NcbjhqTlU3Z2c5d2ZkTVNLcWdtak53QWJteHhES1pzSTd6eVN5akJua0NnWUJDN2Z5MGFLaWkvQnFUcjZZbm0vSWtcbnc0dVZlSHE4MW1ydE9qVTJsRjFVYmhyaHpGdXoxdklxOVR1RlF0cysvOE1IaFJYZ2ZxTmU0TUlLQ1dJMU5jZk5cbkgxRlV6MHk3NnY1Y3hLT3VPTklXSS9HakRIUUJsVXBINmV4aFVia0xCVUk3bDNjcE4zU2s0QWdjUVo2Zm5XbnVcbk9obUUyazBzK3oraktVUm5CRzhITEE9PVxuLS0tLS1FTkQgUFJJVkFURSBLRVktLS0tLVxuIiwKICAiY2xpZW50X2VtYWlsIjogImdpdGh1Yi1hY3Rpb25zLWNpY2RAdWJpb3dvcm8tcHJvamVjdC5pYW0uZ3NlcnZpY2VhY2NvdW50LmNvbSIsCiAgImNsaWVudF9pZCI6ICIxMTY1MzM5Njg5MDY0ODk0NzUzMTciLAogICJhdXRoX3VyaSI6ICJodHRwczovL2FjY291bnRzLmdvb2dsZS5jb20vby9vYXV0aDIvYXV0aCIsCiAgInRva2VuX3VyaSI6ICJodHRwczovL29hdXRoMi5nb29nbGVhcGlzLmNvbS90b2tlbiIsCiAgImF1dGhfcHJvdmlkZXJfeDUwOV9jZXJ0X3VybCI6ICJodHRwczovL3d3dy5nb29nbGVhcGlzLmNvbS9vYXV0aDIvdjEvY2VydHMiLAogICJjbGllbnRfeDUwOV9jZXJ0X3VybCI6ICJodHRwczovL3d3dy5nb29nbGVhcGlzLmNvbS9yb2JvdC92MS9tZXRhZGF0YS94NTA5L2dpdGh1Yi1hY3Rpb25zLWNpY2QlNDB1Ymlvd29yby1wcm9qZWN0LmlhbS5nc2VydmljZWFjY291bnQuY29tIiwKICAidW5pdmVyc2VfZG9tYWluIjogImdvb2dsZWFwaXMuY29tIgp9Cg==",
            "private_key_type": "TYPE_GOOGLE_CREDENTIALS_FILE",
            "public_key": "LS0tLS1CRUdJTiBDRVJUSUZJQ0FURS0tLS0tCk1JSUMvVENDQWVXZ0F3SUJBZ0lKQU8rN00wUUhJOE4xTUEwR0NTcUdTSWIzRFFFQkJRVUFNQ0F4SGpBY0JnTlYKQkFNTUZURXhOalV6TXprMk9Ea3dOalE0T1RRM05UTXhOekFnRncweU5qQXlNRFF4TnpReU1EQmFHQTg1T1RrNQpNVEl6TVRJek5UazFPVm93SURFZU1Cd0dBMVVFQXd3Vk1URTJOVE16T1RZNE9UQTJORGc1TkRjMU16RTNNSUlCCklqQU5CZ2txaGtpRzl3MEJBUUVGQUFPQ0FROEFNSUlCQ2dLQ0FRRUEybnd3K2FKMU50RXJsVnY4MnhLQm91VEoKSlU2eDdjQ0NpRi9PTy90VlVFRU4xYWFFVUVBbXhCdXV0aFdRdndZc0gwb2J0TFBpOWQweWFoUTI0ZDNGQzRieAovYkNremVIdkZwSnJQWlVpVG53aG5XaGpjenlKZTZyZ3QrMHY1Y21wdXR4alpxK1JPSEo5bTBNYVd1b3g3dzl5CnpwRWM0bmtkak9YbFVERzh6Z2lwM1ZFL0pRbElaUXdBZGZRbXdTWnFXZ1NsVlkzdnRPeUVvalQzNDdOTHZsTG0KZStmWUQ3TDBMTlFvWXRqQTQ3OUVIQVZsOVh6T0s4Q3NXSW1MNGczY01uZ2Zld0ZNLzMwZ29EUElpY3hUOURyMApDSUJvZ1dIZXRQNUs3Y1JIZkJsSGxac21YWlY5TElhaFBkdHhOUWtyQ3FTMzVTSXJLVVp0MFZaeE1tMi9sd0lECkFRQUJvemd3TmpBTUJnTlZIUk1CQWY4RUFqQUFNQTRHQTFVZER3RUIvd1FFQXdJSGdEQVdCZ05WSFNVQkFmOEUKRERBS0JnZ3JCZ0VGQlFjREFqQU5CZ2txaGtpRzl3MEJBUVVGQUFPQ0FRRUFPMmV1ajJBS1JBZzZ6UTZKbis3MwpWRXU1aFFsS2RCalBJL0JYQmtrZHVsRWZObkVJN29ENXlTUXlQd0dLcGJxK2pma1BsWnpTK0dDRE1RK2xOeURUCnB4aVZ1WFhYMG83M0FjaURHUkdZNlRreFdBbldQTTlsT01LU3BBUHVMNkcwd3JoUkVsRUdGUDcvR0o3eVFjZzEKS3djeUE1RVhlQkhlNFFxUnNjVkJJZU1tY0w1L01uWFJSWklnUVp5KzQxUmVoekIyRS9sYnJPSWd5eEZ1d3o1QwpJdHpieFJTeGdkMjVPblczc0dqL0RmWWtoRkltTzVhTll4VGJDY2xyTmdaTm5QTy9qa2JOTVNIcHVKNkFxdnFtCjdMRlZNWVR6VjNGeGxFQ0E0RGhyZnRXM1F1aHJ3YWovQjRYZmV4TWU0NVVoL2Y4TGlOQnhUcUZPRytLcHFmVnUKelE9PQotLS0tLUVORCBDRVJUSUZJQ0FURS0tLS0tCg==",
            "public_key_data": null,
            "public_key_type": "TYPE_X509_PEM_FILE",
            "service_account_id": "projects/ubioworo-project/serviceAccounts/github-actions-cicd@ubioworo-project.iam.gserviceaccount.com",
            "valid_after": "2026-02-04T17:42:00Z",
            "valid_before": "9999-12-31T23:59:59Z"
          },
          "sensitive_attributes": [],
          "private": "bnVsbA==",
          "dependencies": [
            "module.iam_registry.google_service_account.github_actions_sa"
          ]
        }
      ]
    },
    {
      "module": "module.network",
      "mode": "managed",
      "type": "google_compute_network",
      "name": "vpc",
      "provider": "provider[\"registry.terraform.io/hashicorp/google\"]",
      "instances": [
        {
          "schema_version": 0,
          "attributes": {
            "auto_create_subnetworks": false,
            "delete_default_routes_on_create": false,
            "description": "",
            "enable_ula_internal_ipv6": false,
            "gateway_ipv4": "",
            "id": "projects/ubioworo-project/global/networks/gke-vpc",
            "internal_ipv6_range": "",
            "mtu": 0,
            "name": "gke-vpc",
            "network_firewall_policy_enforcement_order": "AFTER_CLASSIC_FIREWALL",
            "project": "ubioworo-project",
            "routing_mode": "REGIONAL",
            "self_link": "https://www.googleapis.com/compute/v1/projects/ubioworo-project/global/networks/gke-vpc",
            "timeouts": null
          },
          "sensitive_attributes": [],
          "private": "eyJlMmJmYjczMC1lY2FhLTExZTYtOGY4OC0zNDM2M2JjN2M0YzAiOnsiY3JlYXRlIjoxMjAwMDAwMDAwMDAwLCJkZWxldGUiOjEyMDAwMDAwMDAwMDAsInVwZGF0ZSI6MTIwMDAwMDAwMDAwMH19"
        }
      ]
    },
    {
      "module": "module.network",
      "mode": "managed",
      "type": "google_compute_subnetwork",
      "name": "subnet",
      "provider": "provider[\"registry.terraform.io/hashicorp/google\"]",
      "instances": [
        {
          "schema_version": 0,
          "attributes": {
            "creation_timestamp": "2026-02-04T09:42:20.933-08:00",
            "description": "",
            "external_ipv6_prefix": "",
            "fingerprint": null,
            "gateway_address": "10.10.0.1",
            "id": "projects/ubioworo-project/regions/us-central1/subnetworks/gke-vpc-subnet",
            "internal_ipv6_prefix": "",
            "ip_cidr_range": "10.10.0.0/24",
            "ipv6_access_type": "",
            "ipv6_cidr_range": "",
            "log_config": [],
            "name": "gke-vpc-subnet",
            "network": "https://www.googleapis.com/compute/v1/projects/ubioworo-project/global/networks/gke-vpc",
            "private_ip_google_access": false,
            "private_ipv6_google_access": "DISABLE_GOOGLE_ACCESS",
            "project": "ubioworo-project",
            "purpose": "PRIVATE",
            "region": "us-central1",
            "role": "",
            "secondary_ip_range": [],
            "self_link": "https://www.googleapis.com/compute/v1/projects/ubioworo-project/regions/us-central1/subnetworks/gke-vpc-subnet",
            "stack_type": "IPV4_ONLY",
            "timeouts": null
          },
          "sensitive_attributes": [],
          "private": "eyJlMmJmYjczMC1lY2FhLTExZTYtOGY4OC0zNDM2M2JjN2M0YzAiOnsiY3JlYXRlIjoxMjAwMDAwMDAwMDAwLCJkZWxldGUiOjEyMDAwMDAwMDAwMDAsInVwZGF0ZSI6MTIwMDAwMDAwMDAwMH19",
          "dependencies": [
            "module.network.google_compute_network.vpc"
          ]
        }
      ]
    }
  ],
  "check_results": null
}
