{
  "version": 4,
  "terraform_version": "1.5.7",
  "serial": 87,
  "lineage": "af06134d-44bc-08d0-2411-affa8e37f8bb",
  "outputs": {
    "cluster_one_endpoint": {
      "value": "34.61.2.67",
      "type": "string"
    },
    "cluster_two_endpoint": {
      "value": "104.154.171.190",
      "type": "string"
    },
    "gcp_sa_key_for_github": {
      "value": "ewogICJ0eXBlIjogInNlcnZpY2VfYWNjb3VudCIsCiAgInByb2plY3RfaWQiOiAidWJpb3dvcm8tcHJvamVjdCIsCiAgInByaXZhdGVfa2V5X2lkIjogImJlMzIxM2FmZjU2ZDc0ZDc5MzAzNzRjMzk4NGVhMmRlM2ZlNGZmY2QiLAogICJwcml2YXRlX2tleSI6ICItLS0tLUJFR0lOIFBSSVZBVEUgS0VZLS0tLS1cbk1JSUV2Z0lCQURBTkJna3Foa2lHOXcwQkFRRUZBQVNDQktnd2dnU2tBZ0VBQW9JQkFRQ1QwMnJYNDJaTnFOT3FcblBoZ1RRK20xZEI5czQzMlVGMHhMWEoranI2UTFxREk2VDVFVk1oZE9zYjRKNGpWaFc0bkcxYXFBUGl2d3JZekVcbnpSYWZjMDEyNjYxdlhmSTh5NkhvNVFtbHFXOHpyNFhmVVFrd3BIM3RZS2xYMklkOGJ0ZkhCREpFMnlQWG9nbHNcbmlCNlA3NGZTY25xYXNqL2w0TlJFTm5vbHdzQTRKNVRzNkRFbHkycklWRC9oRVNUTmd1Nmxob21SSjN2WjBHTXpcbjNxdERsRVQ0SnJjSmpjV25HcUd3OWJoVU5ZeEJ0dyt0UFM5Q0lMQ3FDNHBCdmF4OW9tall3TFo4d1o0dUJKQUFcbk1maENrTmJtR2cwOFlqSmRKMWhCYXplVXZxN29CTis4MU8yVk1UNUJzMWxMWG4rRHZTV3MzdWlJTzc4cnEvUVJcbndyK1YrTHV0QWdNQkFBRUNnZ0VBRkdud2VmNDQ2VFlNZnRqQzFkdzl5TFZQeHFkMnRzM3Qxd1ZrTlVSQzJyY09cbnNwODh3NDdPaWF0QmVWZHY5REVpS2w5a3czOXliWExsK3VKd2dwWDNaMW45OGlCbzNJenBYOEpMVGdHRExnSEpcbjdMQWg0d0lBTXRqem9jSXcyWlhyL2R0K1BxUjlnMkJveVVCVjZoNFRwVlB5U3UwZEpsZGhNTWRPSUd0UHhLRTZcbjlFaTFxTGxSazhqSDVtNlVidDRNVmZhdk1wakJRQnBvYkdORXl6ZXZ1SDhEMWxnYXlCKy9iSDBrZ2FaZ2xXSStcbnJzbkY4OU9IelpGWExJTHlkRUExdEpQRDFyRnZ6RmtlQ0licmUydVJSWW5hUGlrS1lkNHJreVZFYWdpb0VCTjNcbmR4Yjg0Zm9lZEUvd3FYZVpTR2dBTklhM0FZTDZ0Rm5aY3R6MGIyNDRRUUtCZ1FERVdxWDZ2NWtib053M042K3pcbnMxaENNSU1KSjNwc1U5c0hNdkFHR3VSbytSUzJFK0JnWndtUHhXUGhqcnM1RjNaQTBHV3hwc3lnR0FCZ1Rpb25cbkxEOTNTRG9EUWkrT2cvZnV3VkpjL2M3NUJiTVN5cTg1dEJaMTBaeHRJV0wzNmFjb0VqK29GTVRNdlhzNFRwbmZcbkdYWDc5UnY2bW1wRWJzc0FKMTd5UUJ3MndRS0JnUURBdXdBdnNucVNuVlh4Z013UWhzZkZiVG9zeE1uSWFHNE9cbm80U0VIdVN2cUw5VHRYS0hHSDQyVDZqZFF3OGdZL1NXa2xKN0RSTjBaZHNrQS9jQllrK3o5SnJNMEt3VnhCNGtcbmYzeitEb0pxSlhseTBTaDNHTDFYaUxLQ2V6RU9WOFdYWjJzSWp6STVndG13SUhjZzcwMHA0d09ISDFBaUhTaE1cbkN4UGdqeS9MN1FLQmdRQ1Q0dkkvK1M2SDhJL3J4clUrMDBVV0ZST2NRVytqUjBVZ0Z1MVFxOUI4ZjUxcHhXNnBcbkxQRzJweVNqTGEwMVFzWjk2bmV0WmNPWWtIczREYWNSK2ZHVEZZTWNFUzFnV1dUVEhpZTZnaTd3djZvdjdSZ3NcbmpjYWMxbExLbnVxN2JlL0g3bmFqVVlFbjgwNXJDa2c2RUNNY3NXOXhQL3ZwcnNpV1JSRHR3L3Q4QVFLQmdRQzdcbkJid01qUGw4eE1qZGJjcVlUdklVbHdYWTQ2MmJtQnNVZ1lEYVpOQXQxV2EwYUdNV3phSE1Pa2ozVFZla2F0cXlcbk1wTnZiU1R2MHRkd2Y1aDE4MXk4bUNTUGsvOHBzQUpBRUtiT01tNURhdElMcFFQTGJtcHVRdXhXeWd5MGlsL25cbnFDZXBTcXZHT3ovYk5lWGtROU54VGlYaVBYU1paZ253b045TkRpV25rUUtCZ0VueDlyaXp4SEVQWmdrMmEvSWRcblFUcTE0Y1A4VmlNdTRnN05WcStXNm05Rm55d29yUE9mUkZGYm96ZHdGemVXWWVQQzdKbzROVW9pZUZUc0ViUXFcbnE1dlhlUGQwUjlzNUhNa2cvOENZSWl4cFFYMjlVSTBpdjRTMEJLMS9hMVErQ1hPSFc4NHNUMnVNVUozTUhSMi9cbnVMbThiZjlzSGtkVGpoTHlUek4vQWk2K1xuLS0tLS1FTkQgUFJJVkFURSBLRVktLS0tLVxuIiwKICAiY2xpZW50X2VtYWlsIjogImdpdGh1Yi1hY3Rpb25zLWNpY2RAdWJpb3dvcm8tcHJvamVjdC5pYW0uZ3NlcnZpY2VhY2NvdW50LmNvbSIsCiAgImNsaWVudF9pZCI6ICIxMTgyMjM0NjE5NjY2NTcwMzgyODUiLAogICJhdXRoX3VyaSI6ICJodHRwczovL2FjY291bnRzLmdvb2dsZS5jb20vby9vYXV0aDIvYXV0aCIsCiAgInRva2VuX3VyaSI6ICJodHRwczovL29hdXRoMi5nb29nbGVhcGlzLmNvbS90b2tlbiIsCiAgImF1dGhfcHJvdmlkZXJfeDUwOV9jZXJ0X3VybCI6ICJodHRwczovL3d3dy5nb29nbGVhcGlzLmNvbS9vYXV0aDIvdjEvY2VydHMiLAogICJjbGllbnRfeDUwOV9jZXJ0X3VybCI6ICJodHRwczovL3d3dy5nb29nbGVhcGlzLmNvbS9yb2JvdC92MS9tZXRhZGF0YS94NTA5L2dpdGh1Yi1hY3Rpb25zLWNpY2QlNDB1Ymlvd29yby1wcm9qZWN0LmlhbS5nc2VydmljZWFjY291bnQuY29tIiwKICAidW5pdmVyc2VfZG9tYWluIjogImdvb2dsZWFwaXMuY29tIgp9Cg==",
      "type": "string",
      "sensitive": true
    }
  },
  "resources": [
    {
      "module": "module.cluster_one",
      "mode": "managed",
      "type": "google_container_cluster",
      "name": "primary",
      "provider": "provider[\"registry.terraform.io/hashicorp/google\"]",
      "instances": [
        {
          "schema_version": 1,
          "attributes": {
            "addons_config": [
              {
                "cloudrun_config": [],
                "config_connector_config": [],
                "dns_cache_config": [],
                "gce_persistent_disk_csi_driver_config": [
                  {
                    "enabled": true
                  }
                ],
                "gcp_filestore_csi_driver_config": [],
                "gcs_fuse_csi_driver_config": [],
                "gke_backup_agent_config": [],
                "horizontal_pod_autoscaling": [],
                "http_load_balancing": [],
                "network_policy_config": [
                  {
                    "disabled": true
                  }
                ]
              }
            ],
            "allow_net_admin": null,
            "authenticator_groups_config": [],
            "binary_authorization": [
              {
                "enabled": false,
                "evaluation_mode": ""
              }
            ],
            "cluster_autoscaling": [
              {
                "auto_provisioning_defaults": [],
                "enabled": false,
                "resource_limits": []
              }
            ],
            "cluster_ipv4_cidr": "10.72.0.0/14",
            "confidential_nodes": [],
            "cost_management_config": [],
            "database_encryption": [
              {
                "key_name": "",
                "state": "DECRYPTED"
              }
            ],
            "datapath_provider": "",
            "default_max_pods_per_node": null,
            "default_snat_status": [
              {
                "disabled": false
              }
            ],
            "description": "",
            "dns_config": [],
            "enable_autopilot": false,
            "enable_binary_authorization": false,
            "enable_intranode_visibility": false,
            "enable_k8s_beta_apis": [],
            "enable_kubernetes_alpha": false,
            "enable_l4_ilb_subsetting": false,
            "enable_legacy_abac": false,
            "enable_shielded_nodes": true,
            "enable_tpu": false,
            "endpoint": "34.61.2.67",
            "gateway_api_config": [],
            "id": "projects/ubioworo-project/locations/us-central1-a/clusters/cluster-one",
            "initial_node_count": 1,
            "ip_allocation_policy": [],
            "label_fingerprint": "a9dc16a7",
            "location": "us-central1-a",
            "logging_config": [
              {
                "enable_components": [
                  "SYSTEM_COMPONENTS",
                  "WORKLOADS"
                ]
              }
            ],
            "logging_service": "logging.googleapis.com/kubernetes",
            "maintenance_policy": [],
            "master_auth": [
              {
                "client_certificate": "",
                "client_certificate_config": [
                  {
                    "issue_client_certificate": false
                  }
                ],
                "client_key": "",
                "cluster_ca_certificate": "LS0tLS1CRUdJTiBDRVJUSUZJQ0FURS0tLS0tCk1JSUVMVENDQXBXZ0F3SUJBZ0lSQUlhcmZ4a2tXWW9EeHhRb2dudHloeFV3RFFZSktvWklodmNOQVFFTEJRQXcKTHpFdE1Dc0dBMVVFQXhNa1kyWmpNR0U0TkdZdE0yTmpOeTAwTkRZeUxUazVZemd0T0dNd1kySTNZemMyTkRsagpNQ0FYRFRJMk1ESXdNekl3TVRVeU4xb1lEekl3TlRZd01USTNNakV4TlRJM1dqQXZNUzB3S3dZRFZRUURFeVJqClptTXdZVGcwWmkwelkyTTNMVFEwTmpJdE9UbGpPQzA0WXpCallqZGpOelkwT1dNd2dnR2lNQTBHQ1NxR1NJYjMKRFFFQkFRVUFBNElCandBd2dnR0tBb0lCZ1FERkFkd3d5UlZJdkZYY1NVdWRvQ3dwNkVoQldabHFrNDYrcmVjdAp6R2NwNlpJSDdYVUYrS2J0RFFoUGNIT1BxazFnOVRzb0xPK0pUQ3U5dnFuMjU1VndFOFh3QmtxVmtIV3ZLUXBBClhYTnh6bmdMcDhkSG0xMmNqWHNWb0Q1T2k5Sk5xWFl1aVJMb1ZsbkF1ZVAvUzFwMjlTODhyemdYQzRmM3pmbG4KaDVYOUE0bWtRODZqREdOM1JpRmlzRVR4MnFLbmJ1WXg0RExiazZTSE9wWkhUUlNIR1FWV09qMUVCNmFkRDV1Mwpva3RyUmdkcEVDd2ZlbnJJM3Jnb29iT1BPblExVjdOeDdhbStGVHRWcXpwRG0zY0RNZkRFaVR1WVNkdWZyN2JSCnpyeXdOYmtqWWdtb1J5YUtXTkxRR0pHS21KcFBuMlRtbE1tbSt5emJSQUZ0cHJvOEdJRjJkbTZndkN6TURjeXAKQXRDQzBxV1FueGdqeUQyWVpVeVhOamJBdm8xNENDNVZhYUFjdmRXRlF4Q25wRk9ubVRHWWtvQ0cyQW52d3Q5YwpJbWNxZ21NMlBDSGpoWG9xQlhkSks1NlZyQ2EzeE9sajNXVDhwTUxHZjRTMkZLMy9JZkZRckVWZkE1dS96ZVg1ClhhLytXTUs0SHZNR3VwYUs2V3ZGR3Jjc1o5VUNBd0VBQWFOQ01FQXdEZ1lEVlIwUEFRSC9CQVFEQWdJRU1BOEcKQTFVZEV3RUIvd1FGTUFNQkFmOHdIUVlEVlIwT0JCWUVGS2t4WmFSaDZ1TzB0aGtnbTI4b0R1a2Noc29JTUEwRwpDU3FHU0liM0RRRUJDd1VBQTRJQmdRQzRZZUZSYW54R3RzNHA1N3QxeG0yUXEwV0Q3blpXdFlEUnFyTnh3ZjdWCjYwVUJUSWQzV3Fya3hZcEU1WmVSWlR4NEVGaDNiaDhCTkhFejlWMDJhK0lwcTR3ZU9VOFArSmZhVDk2OTlnWUsKdXVZM244WUU4ODhmOUR5Tld0ZE5XNzdpV2h2UnZGN24zZVVzVHlib2dFOWQ0RzBhTGxDcnZ0Z0JDeFdDRDRMeQpmY3Btb0Jtb01MNjNnOEs5S05JeWlIUVREaVc4dlh6QnBxOUlmMjFpRzRGcDFETTFYa3lIQjc4Vm45YS9YRktEClY4dkJDc1c3eXU3WVA1MTNleVF1VWJ0NE1tS1NaVjdaVjhSUkxwTDQwRkVXcVBHbUdacVRxQ0lPRVo4R1RFbHUKZkVvWEpKQVdKTU9tUHkvR1ZaUFpJOTZKdmNNQjR4VUw2MXF5eGNVN1BoejVVcFF6VDlqdmNrZ2YwWmZPMUlsQwovVlNUYWQ1cElabnlMd1plV3pWMzdQZ2laYklwdnZyYkNYRFFTcVJLZUxNN3BuRzU5NnpJUEhrdEFtcXhRSjZ1CndWTXhVcmduVGRidHVQSnVWZlhMMTl0ajRtM3QwWC9hYVBtK1hqZFFMb0xwMnZFZ3hlSXNRYUtpL0VXUmZhbkkKWmhtQVhPT0FWWkIzc29weUl5MDFsUzg9Ci0tLS0tRU5EIENFUlRJRklDQVRFLS0tLS0K"
              }
            ],
            "master_authorized_networks_config": [],
            "master_version": "1.33.5-gke.2118001",
            "mesh_certificates": [],
            "min_master_version": null,
            "monitoring_config": [
              {
                "advanced_datapath_observability_config": [
                  {
                    "enable_metrics": false,
                    "relay_mode": ""
                  }
                ],
                "enable_components": [
                  "SYSTEM_COMPONENTS",
                  "JOBSET",
                  "STORAGE",
                  "HPA",
                  "POD",
                  "DAEMONSET",
                  "DEPLOYMENT",
                  "STATEFULSET",
                  "CADVISOR",
                  "KUBELET",
                  "DCGM"
                ],
                "managed_prometheus": [
                  {
                    "enabled": true
                  }
                ]
              }
            ],
            "monitoring_service": "monitoring.googleapis.com/kubernetes",
            "name": "cluster-one",
            "network": "projects/ubioworo-project/global/networks/gke-vpc",
            "network_policy": [
              {
                "enabled": false,
                "provider": "PROVIDER_UNSPECIFIED"
              }
            ],
            "networking_mode": "ROUTES",
            "node_config": [],
            "node_locations": [],
            "node_pool": [],
            "node_pool_auto_config": [
              {
                "network_tags": null
              }
            ],
            "node_pool_defaults": [
              {
                "node_config_defaults": [
                  {
                    "logging_variant": "DEFAULT"
                  }
                ]
              }
            ],
            "node_version": "1.33.5-gke.2118001",
            "notification_config": [
              {
                "pubsub": [
                  {
                    "enabled": false,
                    "filter": [],
                    "topic": ""
                  }
                ]
              }
            ],
            "operation": null,
            "private_cluster_config": [
              {
                "enable_private_endpoint": false,
                "enable_private_nodes": false,
                "master_global_access_config": [
                  {
                    "enabled": false
                  }
                ],
                "master_ipv4_cidr_block": "",
                "peering_name": "",
                "private_endpoint": "10.10.0.3",
                "private_endpoint_subnetwork": "",
                "public_endpoint": "34.61.2.67"
              }
            ],
            "private_ipv6_google_access": "",
            "project": "ubioworo-project",
            "release_channel": [
              {
                "channel": "REGULAR"
              }
            ],
            "remove_default_node_pool": true,
            "resource_labels": null,
            "resource_usage_export_config": [],
            "security_posture_config": [
              {
                "mode": "BASIC",
                "vulnerability_mode": "VULNERABILITY_MODE_UNSPECIFIED"
              }
            ],
            "self_link": "https://container.googleapis.com/v1/projects/ubioworo-project/zones/us-central1-a/clusters/cluster-one",
            "service_external_ips_config": [
              {
                "enabled": false
              }
            ],
            "services_ipv4_cidr": "10.75.240.0/20",
            "subnetwork": "projects/ubioworo-project/regions/us-central1/subnetworks/gke-vpc-subnet",
            "timeouts": null,
            "tpu_ipv4_cidr_block": "",
            "vertical_pod_autoscaling": [],
            "workload_identity_config": []
          },
          "sensitive_attributes": [],
          "private": "eyJlMmJmYjczMC1lY2FhLTExZTYtOGY4OC0zNDM2M2JjN2M0YzAiOnsiY3JlYXRlIjoyNDAwMDAwMDAwMDAwLCJkZWxldGUiOjI0MDAwMDAwMDAwMDAsInJlYWQiOjI0MDAwMDAwMDAwMDAsInVwZGF0ZSI6MzYwMDAwMDAwMDAwMH0sInNjaGVtYV92ZXJzaW9uIjoiMSJ9",
          "dependencies": [
            "module.network.google_compute_network.vpc",
            "module.network.google_compute_subnetwork.subnet"
          ]
        }
      ]
    },
    {
      "module": "module.cluster_one",
      "mode": "managed",
      "type": "google_container_node_pool",
      "name": "primary_nodes",
      "provider": "provider[\"registry.terraform.io/hashicorp/google\"]",
      "instances": [
        {
          "schema_version": 1,
          "attributes": {
            "autoscaling": [],
            "cluster": "cluster-one",
            "id": "projects/ubioworo-project/locations/us-central1-a/clusters/cluster-one/nodePools/cluster-one-node-pool",
            "initial_node_count": 1,
            "instance_group_urls": [
              "https://www.googleapis.com/compute/v1/projects/ubioworo-project/zones/us-central1-a/instanceGroupManagers/gke-cluster-one-cluster-one-node-pool-3d270b55-grp"
            ],
            "location": "us-central1-a",
            "managed_instance_group_urls": [
              "https://www.googleapis.com/compute/v1/projects/ubioworo-project/zones/us-central1-a/instanceGroups/gke-cluster-one-cluster-one-node-pool-3d270b55-grp"
            ],
            "management": [
              {
                "auto_repair": true,
                "auto_upgrade": true
              }
            ],
            "max_pods_per_node": null,
            "name": "cluster-one-node-pool",
            "name_prefix": "",
            "network_config": [],
            "node_config": [
              {
                "advanced_machine_features": [],
                "boot_disk_kms_key": "",
                "confidential_nodes": [],
                "disk_size_gb": 100,
                "disk_type": "pd-balanced",
                "ephemeral_storage_local_ssd_config": [],
                "fast_socket": [],
                "gcfs_config": [],
                "guest_accelerator": [],
                "gvnic": [],
                "host_maintenance_policy": [],
                "image_type": "COS_CONTAINERD",
                "kubelet_config": [
                  {
                    "cpu_cfs_quota": false,
                    "cpu_cfs_quota_period": "",
                    "cpu_manager_policy": "",
                    "pod_pids_limit": 0
                  }
                ],
                "labels": {},
                "linux_node_config": [],
                "local_nvme_ssd_block_config": [],
                "local_ssd_count": 0,
                "logging_variant": "DEFAULT",
                "machine_type": "e2-medium",
                "metadata": {
                  "disable-legacy-endpoints": "true"
                },
                "min_cpu_platform": "",
                "node_group": "",
                "oauth_scopes": [
                  "https://www.googleapis.com/auth/cloud-platform"
                ],
                "preemptible": false,
                "reservation_affinity": [],
                "resource_labels": {
                  "goog-gke-node-pool-provisioning-model": "on-demand"
                },
                "service_account": "gke-nodes-sa@ubioworo-project.iam.gserviceaccount.com",
                "shielded_instance_config": [
                  {
                    "enable_integrity_monitoring": true,
                    "enable_secure_boot": false
                  }
                ],
                "sole_tenant_config": [],
                "spot": false,
                "tags": null,
                "taint": [],
                "workload_metadata_config": []
              }
            ],
            "node_count": 1,
            "node_locations": [
              "us-central1-a"
            ],
            "operation": null,
            "placement_policy": [],
            "project": "ubioworo-project",
            "timeouts": null,
            "upgrade_settings": [
              {
                "blue_green_settings": [],
                "max_surge": 1,
                "max_unavailable": 0,
                "strategy": "SURGE"
              }
            ],
            "version": "1.33.5-gke.2118001"
          },
          "sensitive_attributes": [],
          "private": "eyJlMmJmYjczMC1lY2FhLTExZTYtOGY4OC0zNDM2M2JjN2M0YzAiOnsiY3JlYXRlIjoxODAwMDAwMDAwMDAwLCJkZWxldGUiOjE4MDAwMDAwMDAwMDAsInVwZGF0ZSI6MTgwMDAwMDAwMDAwMH0sInNjaGVtYV92ZXJzaW9uIjoiMSJ9",
          "dependencies": [
            "module.cluster_one.google_container_cluster.primary",
            "module.iam_registry.google_service_account.gke_nodes_sa",
            "module.network.google_compute_network.vpc",
            "module.network.google_compute_subnetwork.subnet"
          ]
        }
      ]
    },
    {
      "module": "module.cluster_two",
      "mode": "managed",
      "type": "google_container_cluster",
      "name": "primary",
      "provider": "provider[\"registry.terraform.io/hashicorp/google\"]",
      "instances": [
        {
          "schema_version": 1,
          "attributes": {
            "addons_config": [
              {
                "cloudrun_config": [],
                "config_connector_config": [],
                "dns_cache_config": [],
                "gce_persistent_disk_csi_driver_config": [
                  {
                    "enabled": true
                  }
                ],
                "gcp_filestore_csi_driver_config": [],
                "gcs_fuse_csi_driver_config": [],
                "gke_backup_agent_config": [],
                "horizontal_pod_autoscaling": [],
                "http_load_balancing": [],
                "network_policy_config": [
                  {
                    "disabled": true
                  }
                ]
              }
            ],
            "allow_net_admin": null,
            "authenticator_groups_config": [],
            "binary_authorization": [
              {
                "enabled": false,
                "evaluation_mode": ""
              }
            ],
            "cluster_autoscaling": [
              {
                "auto_provisioning_defaults": [],
                "enabled": false,
                "resource_limits": []
              }
            ],
            "cluster_ipv4_cidr": "10.120.0.0/14",
            "confidential_nodes": [],
            "cost_management_config": [],
            "database_encryption": [
              {
                "key_name": "",
                "state": "DECRYPTED"
              }
            ],
            "datapath_provider": "",
            "default_max_pods_per_node": null,
            "default_snat_status": [
              {
                "disabled": false
              }
            ],
            "description": "",
            "dns_config": [],
            "enable_autopilot": false,
            "enable_binary_authorization": false,
            "enable_intranode_visibility": false,
            "enable_k8s_beta_apis": [],
            "enable_kubernetes_alpha": false,
            "enable_l4_ilb_subsetting": false,
            "enable_legacy_abac": false,
            "enable_shielded_nodes": true,
            "enable_tpu": false,
            "endpoint": "104.154.171.190",
            "gateway_api_config": [],
            "id": "projects/ubioworo-project/locations/us-central1-b/clusters/cluster-two",
            "initial_node_count": 1,
            "ip_allocation_policy": [],
            "label_fingerprint": "a9dc16a7",
            "location": "us-central1-b",
            "logging_config": [
              {
                "enable_components": [
                  "SYSTEM_COMPONENTS",
                  "WORKLOADS"
                ]
              }
            ],
            "logging_service": "logging.googleapis.com/kubernetes",
            "maintenance_policy": [],
            "master_auth": [
              {
                "client_certificate": "",
                "client_certificate_config": [
                  {
                    "issue_client_certificate": false
                  }
                ],
                "client_key": "",
                "cluster_ca_certificate": "LS0tLS1CRUdJTiBDRVJUSUZJQ0FURS0tLS0tCk1JSUVMVENDQXBXZ0F3SUJBZ0lSQUk5YXNPOFB5WlRZZERRQW5GZ08wand3RFFZSktvWklodmNOQVFFTEJRQXcKTHpFdE1Dc0dBMVVFQXhNa1l6RmlNVFU1TVdRdE9XRTROUzAwTUdZMUxUbGxZakV0TVRBNVlURm1OR1pqWVRrMApNQ0FYRFRJMk1ESXdNekl3TVRVeU4xb1lEekl3TlRZd01USTNNakV4TlRJM1dqQXZNUzB3S3dZRFZRUURFeVJqCk1XSXhOVGt4WkMwNVlUZzFMVFF3WmpVdE9XVmlNUzB4TURsaE1XWTBabU5oT1RRd2dnR2lNQTBHQ1NxR1NJYjMKRFFFQkFRVUFBNElCandBd2dnR0tBb0lCZ1FDeFRtNVFIY2xyNjZXdkNIVCtGSDc2RGRVT1BMNC9pUllZMWpwWApndytUck5xVW9Bcm8ybS9udDVScTIreVRwQTlBZWVKYXFyODR5bVc3TkgzOVI3ZUhla0pBR25tcnM1bGhWbkowClEzUkxNZzlvczVCWm1WbGNXcldCUjRuWVE5aGwwWVkwZ3Iwd2hjM2J4S3Z3ZnhYNFRmQzNValBPTld0MWtSSWMKSHFLTnJTSHlWV2NmRi9PWG1ITitaTWNYckxjZ1F3T1QwcldyaS95dkY5QUIrS01WSXlzb1FpeDBNVTRDdnpoaAo5NGNta1R4TVQ2c1kzcmx1cDRZNGJ6ZE9BWTJEVWgrSFZRNlVaeHkwTFpEdWRIZnk0UlJXK3dPZGpTaTFmNDdRCnNodFJITFNkU2FWbGx3M3NPUkVjRmVBY3A0WlRQYklGbTFkOW1SaWFvdytLRlFjT1ZVemtDYk1nR2pLV3V5czAKcW9sYzhra2dIbUN6ZEpPdjQyTENqK3RVOTkwZVRqZTN0bGJ2V2M3V1V0UnVLSzMrUkxoaFJZeW5uSEZHTGlMTApueXM2Mkp3L20yMlV4UkdndzE0S2NZM0EyOU9PRThFS2FsNlVoaUVwVHZjWGg1MG5pWEFNQ0RBdlhpdDdUSTNSCjdsT0F4UE5Rb25jdzNnMTJrUHBNZUpua2F3VUNBd0VBQWFOQ01FQXdEZ1lEVlIwUEFRSC9CQVFEQWdJRU1BOEcKQTFVZEV3RUIvd1FGTUFNQkFmOHdIUVlEVlIwT0JCWUVGT1RqOGh3VmVXTklZRTJhR3FKWTlmUjVEV0I1TUEwRwpDU3FHU0liM0RRRUJDd1VBQTRJQmdRQ2ZBb3c3dGVGMGw3NTRCU2c5QXV5SUlyVjVGVDlKZ3hDZ3haU3V6R3BHCkNWUWdUMXhTb2NSd3ZRK1A4NTJwSy9pUk03QmxxdVFhT0NseEtKWWtWdVVmQTgvYlNxa1l3TEZ0cUdpdXMzbFYKZGhVM0RxYzE2UmltNTJJdzBsRGcwUHZTdXppM1ZzZEpXZXdWeE9nUEl3MVhZSGRBbDloZHQyMytQQU0rMkt0OAp4N1Z2Nml1VFNvZ1BuUmZreksvdm5SenE2TUord0pmRjNYUi9rN20zWSs3bEpZVTNWditsRjExL1hNcG5ibE12CnptVXNXSlpZM0xVWVdRa0VCRTFibGlnSWJzbVlKMDd1cUhrNTBka0VtMThkUUZDZUlKSXNCanc5QlEyQklvRWQKMkN3WDBxOHVSbDFSd003RmxWUGh3VlEzYkNOSFNBTEUyYnFrSEpkdWxjRFVYRWNnVXJpVHJqa2NWZDdQR044OApKSVlLTnBtbm5hVnNIdWt3TTN0QXVLQy9mS3AvNnl4c2NnaWJaT3lWZml5VktjZ3gyemtzRDlHSkhhSWlGS2J6CkNGQlFwM1U4bmU5NGFNTnpvWmh3ZVNpTmt2SVVucUtucysxNHdobGFMRUNqTGY5S2hySDhHNk9hMEx0eUxYZzIKMEo0bHgxUTJxL2xTbTdJbXdNTG1zeUU9Ci0tLS0tRU5EIENFUlRJRklDQVRFLS0tLS0K"
              }
            ],
            "master_authorized_networks_config": [],
            "master_version": "1.33.5-gke.2118001",
            "mesh_certificates": [],
            "min_master_version": null,
            "monitoring_config": [
              {
                "advanced_datapath_observability_config": [
                  {
                    "enable_metrics": false,
                    "relay_mode": ""
                  }
                ],
                "enable_components": [
                  "SYSTEM_COMPONENTS",
                  "STATEFULSET",
                  "JOBSET",
                  "STORAGE",
                  "HPA",
                  "POD",
                  "DAEMONSET",
                  "DEPLOYMENT",
                  "CADVISOR",
                  "KUBELET",
                  "DCGM"
                ],
                "managed_prometheus": [
                  {
                    "enabled": true
                  }
                ]
              }
            ],
            "monitoring_service": "monitoring.googleapis.com/kubernetes",
            "name": "cluster-two",
            "network": "projects/ubioworo-project/global/networks/gke-vpc",
            "network_policy": [
              {
                "enabled": false,
                "provider": "PROVIDER_UNSPECIFIED"
              }
            ],
            "networking_mode": "ROUTES",
            "node_config": [],
            "node_locations": [],
            "node_pool": [],
            "node_pool_auto_config": [
              {
                "network_tags": null
              }
            ],
            "node_pool_defaults": [
              {
                "node_config_defaults": [
                  {
                    "logging_variant": "DEFAULT"
                  }
                ]
              }
            ],
            "node_version": "1.33.5-gke.2118001",
            "notification_config": [
              {
                "pubsub": [
                  {
                    "enabled": false,
                    "filter": [],
                    "topic": ""
                  }
                ]
              }
            ],
            "operation": null,
            "private_cluster_config": [
              {
                "enable_private_endpoint": false,
                "enable_private_nodes": false,
                "master_global_access_config": [
                  {
                    "enabled": false
                  }
                ],
                "master_ipv4_cidr_block": "",
                "peering_name": "",
                "private_endpoint": "10.10.0.2",
                "private_endpoint_subnetwork": "",
                "public_endpoint": "104.154.171.190"
              }
            ],
            "private_ipv6_google_access": "",
            "project": "ubioworo-project",
            "release_channel": [
              {
                "channel": "REGULAR"
              }
            ],
            "remove_default_node_pool": true,
            "resource_labels": null,
            "resource_usage_export_config": [],
            "security_posture_config": [
              {
                "mode": "BASIC",
                "vulnerability_mode": "VULNERABILITY_MODE_UNSPECIFIED"
              }
            ],
            "self_link": "https://container.googleapis.com/v1/projects/ubioworo-project/zones/us-central1-b/clusters/cluster-two",
            "service_external_ips_config": [
              {
                "enabled": false
              }
            ],
            "services_ipv4_cidr": "10.123.240.0/20",
            "subnetwork": "projects/ubioworo-project/regions/us-central1/subnetworks/gke-vpc-subnet",
            "timeouts": null,
            "tpu_ipv4_cidr_block": "",
            "vertical_pod_autoscaling": [],
            "workload_identity_config": []
          },
          "sensitive_attributes": [],
          "private": "eyJlMmJmYjczMC1lY2FhLTExZTYtOGY4OC0zNDM2M2JjN2M0YzAiOnsiY3JlYXRlIjoyNDAwMDAwMDAwMDAwLCJkZWxldGUiOjI0MDAwMDAwMDAwMDAsInJlYWQiOjI0MDAwMDAwMDAwMDAsInVwZGF0ZSI6MzYwMDAwMDAwMDAwMH0sInNjaGVtYV92ZXJzaW9uIjoiMSJ9",
          "dependencies": [
            "module.network.google_compute_network.vpc",
            "module.network.google_compute_subnetwork.subnet"
          ]
        }
      ]
    },
    {
      "module": "module.cluster_two",
      "mode": "managed",
      "type": "google_container_node_pool",
      "name": "primary_nodes",
      "provider": "provider[\"registry.terraform.io/hashicorp/google\"]",
      "instances": [
        {
          "schema_version": 1,
          "attributes": {
            "autoscaling": [],
            "cluster": "cluster-two",
            "id": "projects/ubioworo-project/locations/us-central1-b/clusters/cluster-two/nodePools/cluster-two-node-pool",
            "initial_node_count": 1,
            "instance_group_urls": [
              "https://www.googleapis.com/compute/v1/projects/ubioworo-project/zones/us-central1-b/instanceGroupManagers/gke-cluster-two-cluster-two-node-pool-0905c39a-grp"
            ],
            "location": "us-central1-b",
            "managed_instance_group_urls": [
              "https://www.googleapis.com/compute/v1/projects/ubioworo-project/zones/us-central1-b/instanceGroups/gke-cluster-two-cluster-two-node-pool-0905c39a-grp"
            ],
            "management": [
              {
                "auto_repair": true,
                "auto_upgrade": true
              }
            ],
            "max_pods_per_node": null,
            "name": "cluster-two-node-pool",
            "name_prefix": "",
            "network_config": [],
            "node_config": [
              {
                "advanced_machine_features": [],
                "boot_disk_kms_key": "",
                "confidential_nodes": [],
                "disk_size_gb": 100,
                "disk_type": "pd-balanced",
                "ephemeral_storage_local_ssd_config": [],
                "fast_socket": [],
                "gcfs_config": [],
                "guest_accelerator": [],
                "gvnic": [],
                "host_maintenance_policy": [],
                "image_type": "COS_CONTAINERD",
                "kubelet_config": [
                  {
                    "cpu_cfs_quota": false,
                    "cpu_cfs_quota_period": "",
                    "cpu_manager_policy": "",
                    "pod_pids_limit": 0
                  }
                ],
                "labels": {},
                "linux_node_config": [],
                "local_nvme_ssd_block_config": [],
                "local_ssd_count": 0,
                "logging_variant": "DEFAULT",
                "machine_type": "e2-medium",
                "metadata": {
                  "disable-legacy-endpoints": "true"
                },
                "min_cpu_platform": "",
                "node_group": "",
                "oauth_scopes": [
                  "https://www.googleapis.com/auth/cloud-platform"
                ],
                "preemptible": false,
                "reservation_affinity": [],
                "resource_labels": {
                  "goog-gke-node-pool-provisioning-model": "on-demand"
                },
                "service_account": "gke-nodes-sa@ubioworo-project.iam.gserviceaccount.com",
                "shielded_instance_config": [
                  {
                    "enable_integrity_monitoring": true,
                    "enable_secure_boot": false
                  }
                ],
                "sole_tenant_config": [],
                "spot": false,
                "tags": null,
                "taint": [],
                "workload_metadata_config": []
              }
            ],
            "node_count": 1,
            "node_locations": [
              "us-central1-b"
            ],
            "operation": null,
            "placement_policy": [],
            "project": "ubioworo-project",
            "timeouts": null,
            "upgrade_settings": [
              {
                "blue_green_settings": [],
                "max_surge": 1,
                "max_unavailable": 0,
                "strategy": "SURGE"
              }
            ],
            "version": "1.33.5-gke.2118001"
          },
          "sensitive_attributes": [],
          "private": "eyJlMmJmYjczMC1lY2FhLTExZTYtOGY4OC0zNDM2M2JjN2M0YzAiOnsiY3JlYXRlIjoxODAwMDAwMDAwMDAwLCJkZWxldGUiOjE4MDAwMDAwMDAwMDAsInVwZGF0ZSI6MTgwMDAwMDAwMDAwMH0sInNjaGVtYV92ZXJzaW9uIjoiMSJ9",
          "dependencies": [
            "module.cluster_two.google_container_cluster.primary",
            "module.iam_registry.google_service_account.gke_nodes_sa",
            "module.network.google_compute_network.vpc",
            "module.network.google_compute_subnetwork.subnet"
          ]
        }
      ]
    },
    {
      "module": "module.iam_registry",
      "mode": "managed",
      "type": "google_artifact_registry_repository",
      "name": "my_repo",
      "provider": "provider[\"registry.terraform.io/hashicorp/google\"]",
      "instances": [
        {
          "schema_version": 0,
          "attributes": {
            "create_time": "2026-02-03T21:14:41.266557Z",
            "description": "Docker repository for CI/CD",
            "docker_config": [],
            "format": "DOCKER",
            "id": "projects/ubioworo-project/locations/us-central1/repositories/my-repository",
            "kms_key_name": "",
            "labels": null,
            "location": "us-central1",
            "maven_config": [],
            "mode": "STANDARD_REPOSITORY",
            "name": "my-repository",
            "project": "ubioworo-project",
            "remote_repository_config": [],
            "repository_id": "my-repository",
            "timeouts": null,
            "update_time": "2026-02-03T21:14:41.266557Z",
            "virtual_repository_config": []
          },
          "sensitive_attributes": [],
          "private": "eyJlMmJmYjczMC1lY2FhLTExZTYtOGY4OC0zNDM2M2JjN2M0YzAiOnsiY3JlYXRlIjoxMjAwMDAwMDAwMDAwLCJkZWxldGUiOjEyMDAwMDAwMDAwMDAsInVwZGF0ZSI6MTIwMDAwMDAwMDAwMH19"
        }
      ]
    },
    {
      "module": "module.iam_registry",
      "mode": "managed",
      "type": "google_artifact_registry_repository_iam_member",
      "name": "repo_pusher",
      "provider": "provider[\"registry.terraform.io/hashicorp/google\"]",
      "instances": [
        {
          "schema_version": 0,
          "attributes": {
            "condition": [],
            "etag": "BwZJ8e4Qj10=",
            "id": "projects/ubioworo-project/locations/us-central1/repositories/my-repository/roles/artifactregistry.writer/serviceAccount:github-actions-cicd@ubioworo-project.iam.gserviceaccount.com",
            "location": "us-central1",
            "member": "serviceAccount:github-actions-cicd@ubioworo-project.iam.gserviceaccount.com",
            "project": "ubioworo-project",
            "repository": "projects/ubioworo-project/locations/us-central1/repositories/my-repository",
            "role": "roles/artifactregistry.writer"
          },
          "sensitive_attributes": [],
          "private": "bnVsbA==",
          "dependencies": [
            "module.iam_registry.google_artifact_registry_repository.my_repo",
            "module.iam_registry.google_service_account.github_actions_sa"
          ]
        }
      ]
    },
    {
      "module": "module.iam_registry",
      "mode": "managed",
      "type": "google_artifact_registry_repository_iam_member",
      "name": "repo_reader",
      "provider": "provider[\"registry.terraform.io/hashicorp/google\"]",
      "instances": [
        {
          "schema_version": 0,
          "attributes": {
            "condition": [],
            "etag": "BwZJ8e4Qj10=",
            "id": "projects/ubioworo-project/locations/us-central1/repositories/my-repository/roles/artifactregistry.reader/serviceAccount:gke-nodes-sa@ubioworo-project.iam.gserviceaccount.com",
            "location": "us-central1",
            "member": "serviceAccount:gke-nodes-sa@ubioworo-project.iam.gserviceaccount.com",
            "project": "ubioworo-project",
            "repository": "projects/ubioworo-project/locations/us-central1/repositories/my-repository",
            "role": "roles/artifactregistry.reader"
          },
          "sensitive_attributes": [],
          "private": "bnVsbA==",
          "dependencies": [
            "module.iam_registry.google_artifact_registry_repository.my_repo",
            "module.iam_registry.google_service_account.gke_nodes_sa"
          ]
        }
      ]
    },
    {
      "module": "module.iam_registry",
      "mode": "managed",
      "type": "google_project_iam_member",
      "name": "gke_node_system_roles",
      "provider": "provider[\"registry.terraform.io/hashicorp/google\"]",
      "instances": [
        {
          "index_key": "roles/artifactregistry.reader",
          "schema_version": 0,
          "attributes": {
            "condition": [],
            "etag": "BwZJ8e3TaT4=",
            "id": "ubioworo-project/roles/artifactregistry.reader/serviceAccount:gke-nodes-sa@ubioworo-project.iam.gserviceaccount.com",
            "member": "serviceAccount:gke-nodes-sa@ubioworo-project.iam.gserviceaccount.com",
            "project": "ubioworo-project",
            "role": "roles/artifactregistry.reader"
          },
          "sensitive_attributes": [],
          "private": "bnVsbA==",
          "dependencies": [
            "module.iam_registry.google_service_account.gke_nodes_sa"
          ]
        },
        {
          "index_key": "roles/logging.logWriter",
          "schema_version": 0,
          "attributes": {
            "condition": [],
            "etag": "BwZJ8e3TaT4=",
            "id": "ubioworo-project/roles/logging.logWriter/serviceAccount:gke-nodes-sa@ubioworo-project.iam.gserviceaccount.com",
            "member": "serviceAccount:gke-nodes-sa@ubioworo-project.iam.gserviceaccount.com",
            "project": "ubioworo-project",
            "role": "roles/logging.logWriter"
          },
          "sensitive_attributes": [],
          "private": "bnVsbA==",
          "dependencies": [
            "module.iam_registry.google_service_account.gke_nodes_sa"
          ]
        },
        {
          "index_key": "roles/monitoring.metricWriter",
          "schema_version": 0,
          "attributes": {
            "condition": [],
            "etag": "BwZJ8e3TaT4=",
            "id": "ubioworo-project/roles/monitoring.metricWriter/serviceAccount:gke-nodes-sa@ubioworo-project.iam.gserviceaccount.com",
            "member": "serviceAccount:gke-nodes-sa@ubioworo-project.iam.gserviceaccount.com",
            "project": "ubioworo-project",
            "role": "roles/monitoring.metricWriter"
          },
          "sensitive_attributes": [],
          "private": "bnVsbA==",
          "dependencies": [
            "module.iam_registry.google_service_account.gke_nodes_sa"
          ]
        },
        {
          "index_key": "roles/monitoring.viewer",
          "schema_version": 0,
          "attributes": {
            "condition": [],
            "etag": "BwZJ8e3TaT4=",
            "id": "ubioworo-project/roles/monitoring.viewer/serviceAccount:gke-nodes-sa@ubioworo-project.iam.gserviceaccount.com",
            "member": "serviceAccount:gke-nodes-sa@ubioworo-project.iam.gserviceaccount.com",
            "project": "ubioworo-project",
            "role": "roles/monitoring.viewer"
          },
          "sensitive_attributes": [],
          "private": "bnVsbA==",
          "dependencies": [
            "module.iam_registry.google_service_account.gke_nodes_sa"
          ]
        },
        {
          "index_key": "roles/stackdriver.resourceMetadata.writer",
          "schema_version": 0,
          "attributes": {
            "condition": [],
            "etag": "BwZJ8e3TaT4=",
            "id": "ubioworo-project/roles/stackdriver.resourceMetadata.writer/serviceAccount:gke-nodes-sa@ubioworo-project.iam.gserviceaccount.com",
            "member": "serviceAccount:gke-nodes-sa@ubioworo-project.iam.gserviceaccount.com",
            "project": "ubioworo-project",
            "role": "roles/stackdriver.resourceMetadata.writer"
          },
          "sensitive_attributes": [],
          "private": "bnVsbA==",
          "dependencies": [
            "module.iam_registry.google_service_account.gke_nodes_sa"
          ]
        }
      ]
    },
    {
      "module": "module.iam_registry",
      "mode": "managed",
      "type": "google_project_iam_member",
      "name": "node_logs",
      "provider": "provider[\"registry.terraform.io/hashicorp/google\"]",
      "instances": [
        {
          "schema_version": 0,
          "attributes": {
            "condition": [],
            "etag": "BwZJ8e3TaT4=",
            "id": "ubioworo-project/roles/logging.logWriter/serviceAccount:gke-nodes-sa@ubioworo-project.iam.gserviceaccount.com",
            "member": "serviceAccount:gke-nodes-sa@ubioworo-project.iam.gserviceaccount.com",
            "project": "ubioworo-project",
            "role": "roles/logging.logWriter"
          },
          "sensitive_attributes": [],
          "private": "bnVsbA==",
          "dependencies": [
            "module.iam_registry.google_service_account.gke_nodes_sa"
          ]
        }
      ]
    },
    {
      "module": "module.iam_registry",
      "mode": "managed",
      "type": "google_service_account",
      "name": "github_actions_sa",
      "provider": "provider[\"registry.terraform.io/hashicorp/google\"]",
      "instances": [
        {
          "schema_version": 0,
          "attributes": {
            "account_id": "github-actions-cicd",
            "description": "",
            "disabled": false,
            "display_name": "Service Account for GitHub Actions CI/CD",
            "email": "github-actions-cicd@ubioworo-project.iam.gserviceaccount.com",
            "id": "projects/ubioworo-project/serviceAccounts/github-actions-cicd@ubioworo-project.iam.gserviceaccount.com",
            "member": "serviceAccount:github-actions-cicd@ubioworo-project.iam.gserviceaccount.com",
            "name": "projects/ubioworo-project/serviceAccounts/github-actions-cicd@ubioworo-project.iam.gserviceaccount.com",
            "project": "ubioworo-project",
            "timeouts": null,
            "unique_id": "118223461966657038285"
          },
          "sensitive_attributes": [],
          "private": "eyJlMmJmYjczMC1lY2FhLTExZTYtOGY4OC0zNDM2M2JjN2M0YzAiOnsiY3JlYXRlIjozMDAwMDAwMDAwMDB9fQ=="
        }
      ]
    },
    {
      "module": "module.iam_registry",
      "mode": "managed",
      "type": "google_service_account",
      "name": "gke_nodes_sa",
      "provider": "provider[\"registry.terraform.io/hashicorp/google\"]",
      "instances": [
        {
          "schema_version": 0,
          "attributes": {
            "account_id": "gke-nodes-sa",
            "description": "",
            "disabled": false,
            "display_name": "Custom Service Account for GKE Nodes",
            "email": "gke-nodes-sa@ubioworo-project.iam.gserviceaccount.com",
            "id": "projects/ubioworo-project/serviceAccounts/gke-nodes-sa@ubioworo-project.iam.gserviceaccount.com",
            "member": "serviceAccount:gke-nodes-sa@ubioworo-project.iam.gserviceaccount.com",
            "name": "projects/ubioworo-project/serviceAccounts/gke-nodes-sa@ubioworo-project.iam.gserviceaccount.com",
            "project": "ubioworo-project",
            "timeouts": null,
            "unique_id": "108907344953698352747"
          },
          "sensitive_attributes": [],
          "private": "eyJlMmJmYjczMC1lY2FhLTExZTYtOGY4OC0zNDM2M2JjN2M0YzAiOnsiY3JlYXRlIjozMDAwMDAwMDAwMDB9fQ=="
        }
      ]
    },
    {
      "module": "module.iam_registry",
      "mode": "managed",
      "type": "google_service_account_key",
      "name": "mykey",
      "provider": "provider[\"registry.terraform.io/hashicorp/google\"]",
      "instances": [
        {
          "schema_version": 0,
          "attributes": {
            "id": "projects/ubioworo-project/serviceAccounts/github-actions-cicd@ubioworo-project.iam.gserviceaccount.com/keys/be3213aff56d74d7930374c3984ea2de3fe4ffcd",
            "keepers": null,
            "key_algorithm": "KEY_ALG_RSA_2048",
            "name": "projects/ubioworo-project/serviceAccounts/github-actions-cicd@ubioworo-project.iam.gserviceaccount.com/keys/be3213aff56d74d7930374c3984ea2de3fe4ffcd",
            "private_key": "ewogICJ0eXBlIjogInNlcnZpY2VfYWNjb3VudCIsCiAgInByb2plY3RfaWQiOiAidWJpb3dvcm8tcHJvamVjdCIsCiAgInByaXZhdGVfa2V5X2lkIjogImJlMzIxM2FmZjU2ZDc0ZDc5MzAzNzRjMzk4NGVhMmRlM2ZlNGZmY2QiLAogICJwcml2YXRlX2tleSI6ICItLS0tLUJFR0lOIFBSSVZBVEUgS0VZLS0tLS1cbk1JSUV2Z0lCQURBTkJna3Foa2lHOXcwQkFRRUZBQVNDQktnd2dnU2tBZ0VBQW9JQkFRQ1QwMnJYNDJaTnFOT3FcblBoZ1RRK20xZEI5czQzMlVGMHhMWEoranI2UTFxREk2VDVFVk1oZE9zYjRKNGpWaFc0bkcxYXFBUGl2d3JZekVcbnpSYWZjMDEyNjYxdlhmSTh5NkhvNVFtbHFXOHpyNFhmVVFrd3BIM3RZS2xYMklkOGJ0ZkhCREpFMnlQWG9nbHNcbmlCNlA3NGZTY25xYXNqL2w0TlJFTm5vbHdzQTRKNVRzNkRFbHkycklWRC9oRVNUTmd1Nmxob21SSjN2WjBHTXpcbjNxdERsRVQ0SnJjSmpjV25HcUd3OWJoVU5ZeEJ0dyt0UFM5Q0lMQ3FDNHBCdmF4OW9tall3TFo4d1o0dUJKQUFcbk1maENrTmJtR2cwOFlqSmRKMWhCYXplVXZxN29CTis4MU8yVk1UNUJzMWxMWG4rRHZTV3MzdWlJTzc4cnEvUVJcbndyK1YrTHV0QWdNQkFBRUNnZ0VBRkdud2VmNDQ2VFlNZnRqQzFkdzl5TFZQeHFkMnRzM3Qxd1ZrTlVSQzJyY09cbnNwODh3NDdPaWF0QmVWZHY5REVpS2w5a3czOXliWExsK3VKd2dwWDNaMW45OGlCbzNJenBYOEpMVGdHRExnSEpcbjdMQWg0d0lBTXRqem9jSXcyWlhyL2R0K1BxUjlnMkJveVVCVjZoNFRwVlB5U3UwZEpsZGhNTWRPSUd0UHhLRTZcbjlFaTFxTGxSazhqSDVtNlVidDRNVmZhdk1wakJRQnBvYkdORXl6ZXZ1SDhEMWxnYXlCKy9iSDBrZ2FaZ2xXSStcbnJzbkY4OU9IelpGWExJTHlkRUExdEpQRDFyRnZ6RmtlQ0licmUydVJSWW5hUGlrS1lkNHJreVZFYWdpb0VCTjNcbmR4Yjg0Zm9lZEUvd3FYZVpTR2dBTklhM0FZTDZ0Rm5aY3R6MGIyNDRRUUtCZ1FERVdxWDZ2NWtib053M042K3pcbnMxaENNSU1KSjNwc1U5c0hNdkFHR3VSbytSUzJFK0JnWndtUHhXUGhqcnM1RjNaQTBHV3hwc3lnR0FCZ1Rpb25cbkxEOTNTRG9EUWkrT2cvZnV3VkpjL2M3NUJiTVN5cTg1dEJaMTBaeHRJV0wzNmFjb0VqK29GTVRNdlhzNFRwbmZcbkdYWDc5UnY2bW1wRWJzc0FKMTd5UUJ3MndRS0JnUURBdXdBdnNucVNuVlh4Z013UWhzZkZiVG9zeE1uSWFHNE9cbm80U0VIdVN2cUw5VHRYS0hHSDQyVDZqZFF3OGdZL1NXa2xKN0RSTjBaZHNrQS9jQllrK3o5SnJNMEt3VnhCNGtcbmYzeitEb0pxSlhseTBTaDNHTDFYaUxLQ2V6RU9WOFdYWjJzSWp6STVndG13SUhjZzcwMHA0d09ISDFBaUhTaE1cbkN4UGdqeS9MN1FLQmdRQ1Q0dkkvK1M2SDhJL3J4clUrMDBVV0ZST2NRVytqUjBVZ0Z1MVFxOUI4ZjUxcHhXNnBcbkxQRzJweVNqTGEwMVFzWjk2bmV0WmNPWWtIczREYWNSK2ZHVEZZTWNFUzFnV1dUVEhpZTZnaTd3djZvdjdSZ3NcbmpjYWMxbExLbnVxN2JlL0g3bmFqVVlFbjgwNXJDa2c2RUNNY3NXOXhQL3ZwcnNpV1JSRHR3L3Q4QVFLQmdRQzdcbkJid01qUGw4eE1qZGJjcVlUdklVbHdYWTQ2MmJtQnNVZ1lEYVpOQXQxV2EwYUdNV3phSE1Pa2ozVFZla2F0cXlcbk1wTnZiU1R2MHRkd2Y1aDE4MXk4bUNTUGsvOHBzQUpBRUtiT01tNURhdElMcFFQTGJtcHVRdXhXeWd5MGlsL25cbnFDZXBTcXZHT3ovYk5lWGtROU54VGlYaVBYU1paZ253b045TkRpV25rUUtCZ0VueDlyaXp4SEVQWmdrMmEvSWRcblFUcTE0Y1A4VmlNdTRnN05WcStXNm05Rm55d29yUE9mUkZGYm96ZHdGemVXWWVQQzdKbzROVW9pZUZUc0ViUXFcbnE1dlhlUGQwUjlzNUhNa2cvOENZSWl4cFFYMjlVSTBpdjRTMEJLMS9hMVErQ1hPSFc4NHNUMnVNVUozTUhSMi9cbnVMbThiZjlzSGtkVGpoTHlUek4vQWk2K1xuLS0tLS1FTkQgUFJJVkFURSBLRVktLS0tLVxuIiwKICAiY2xpZW50X2VtYWlsIjogImdpdGh1Yi1hY3Rpb25zLWNpY2RAdWJpb3dvcm8tcHJvamVjdC5pYW0uZ3NlcnZpY2VhY2NvdW50LmNvbSIsCiAgImNsaWVudF9pZCI6ICIxMTgyMjM0NjE5NjY2NTcwMzgyODUiLAogICJhdXRoX3VyaSI6ICJodHRwczovL2FjY291bnRzLmdvb2dsZS5jb20vby9vYXV0aDIvYXV0aCIsCiAgInRva2VuX3VyaSI6ICJodHRwczovL29hdXRoMi5nb29nbGVhcGlzLmNvbS90b2tlbiIsCiAgImF1dGhfcHJvdmlkZXJfeDUwOV9jZXJ0X3VybCI6ICJodHRwczovL3d3dy5nb29nbGVhcGlzLmNvbS9vYXV0aDIvdjEvY2VydHMiLAogICJjbGllbnRfeDUwOV9jZXJ0X3VybCI6ICJodHRwczovL3d3dy5nb29nbGVhcGlzLmNvbS9yb2JvdC92MS9tZXRhZGF0YS94NTA5L2dpdGh1Yi1hY3Rpb25zLWNpY2QlNDB1Ymlvd29yby1wcm9qZWN0LmlhbS5nc2VydmljZWFjY291bnQuY29tIiwKICAidW5pdmVyc2VfZG9tYWluIjogImdvb2dsZWFwaXMuY29tIgp9Cg==",
            "private_key_type": "TYPE_GOOGLE_CREDENTIALS_FILE",
            "public_key": "LS0tLS1CRUdJTiBDRVJUSUZJQ0FURS0tLS0tCk1JSUMvRENDQWVTZ0F3SUJBZ0lJZGRyRWl3TWlmS013RFFZSktvWklodmNOQVFFRkJRQXdJREVlTUJ3R0ExVUUKQXd3Vk1URTRNakl6TkRZeE9UWTJOalUzTURNNE1qZzFNQ0FYRFRJMk1ESXdNekl4TVRRME1sb1lEems1T1RreApNak14TWpNMU9UVTVXakFnTVI0d0hBWURWUVFEREJVeE1UZ3lNak0wTmpFNU5qWTJOVGN3TXpneU9EVXdnZ0VpCk1BMEdDU3FHU0liM0RRRUJBUVVBQTRJQkR3QXdnZ0VLQW9JQkFRQ1QwMnJYNDJaTnFOT3FQaGdUUSttMWRCOXMKNDMyVUYweExYSitqcjZRMXFESTZUNUVWTWhkT3NiNEo0alZoVzRuRzFhcUFQaXZ3cll6RXpSYWZjMDEyNjYxdgpYZkk4eTZIbzVRbWxxVzh6cjRYZlVRa3dwSDN0WUtsWDJJZDhidGZIQkRKRTJ5UFhvZ2xzaUI2UDc0ZlNjbnFhCnNqL2w0TlJFTm5vbHdzQTRKNVRzNkRFbHkycklWRC9oRVNUTmd1Nmxob21SSjN2WjBHTXozcXREbEVUNEpyY0oKamNXbkdxR3c5YmhVTll4QnR3K3RQUzlDSUxDcUM0cEJ2YXg5b21qWXdMWjh3WjR1QkpBQU1maENrTmJtR2cwOApZakpkSjFoQmF6ZVV2cTdvQk4rODFPMlZNVDVCczFsTFhuK0R2U1dzM3VpSU83OHJxL1FSd3IrVitMdXRBZ01CCkFBR2pPREEyTUF3R0ExVWRFd0VCL3dRQ01BQXdEZ1lEVlIwUEFRSC9CQVFEQWdlQU1CWUdBMVVkSlFFQi93UU0KTUFvR0NDc0dBUVVGQndNQ01BMEdDU3FHU0liM0RRRUJCUVVBQTRJQkFRQkJYcGZ0c3JiMkZDOXVHM0Z0dkdFdwpXNkJSNWpld2FjajJ0NWhvcjB3UVE0QUVtZU1kdzd3bkt5c01Nc3ZsM3FYbmVjVEpzejFLamVSY2RwRzEwTmR1CmNleGZOT2dUWTFLSTV0cVBMMm5IVk03ZURuaXZzckhxYU1VVU5MVVV1TGZUc2hvc0MxVTRkQ0l6MWNKc2kxMEYKTTU4Z1FXU1JWWS96NnVCWHZwSHZIS1RHdVRJRkZqUlZyRHozSUJnQjFXendiazBRc0dqTHRUUkY4M1hLRkZyZQppRTA0SWRaRktBZC9mVnZJVmRYcGJpOXRRS3FqaysrMnBPSU5sWDNCb3FxRVczTUdJcXFPMWpYOUx1VnEvQzY1Cmo5QUVrS0VHUjhVN0x3SklCVDlncGtaMXJGTVJhZEk4OUQ2bXY0ZVN6ZkhSdzd3RC9vSGdjUlk5M3Q2QTF4R24KLS0tLS1FTkQgQ0VSVElGSUNBVEUtLS0tLQo=",
            "public_key_data": null,
            "public_key_type": "TYPE_X509_PEM_FILE",
            "service_account_id": "projects/ubioworo-project/serviceAccounts/github-actions-cicd@ubioworo-project.iam.gserviceaccount.com",
            "valid_after": "2026-02-03T21:14:42Z",
            "valid_before": "9999-12-31T23:59:59Z"
          },
          "sensitive_attributes": [],
          "private": "bnVsbA==",
          "dependencies": [
            "module.iam_registry.google_service_account.github_actions_sa"
          ]
        }
      ]
    },
    {
      "module": "module.network",
      "mode": "managed",
      "type": "google_compute_network",
      "name": "vpc",
      "provider": "provider[\"registry.terraform.io/hashicorp/google\"]",
      "instances": [
        {
          "schema_version": 0,
          "attributes": {
            "auto_create_subnetworks": false,
            "delete_default_routes_on_create": false,
            "description": "",
            "enable_ula_internal_ipv6": false,
            "gateway_ipv4": "",
            "id": "projects/ubioworo-project/global/networks/gke-vpc",
            "internal_ipv6_range": "",
            "mtu": 0,
            "name": "gke-vpc",
            "network_firewall_policy_enforcement_order": "AFTER_CLASSIC_FIREWALL",
            "project": "ubioworo-project",
            "routing_mode": "REGIONAL",
            "self_link": "https://www.googleapis.com/compute/v1/projects/ubioworo-project/global/networks/gke-vpc",
            "timeouts": null
          },
          "sensitive_attributes": [],
          "private": "eyJlMmJmYjczMC1lY2FhLTExZTYtOGY4OC0zNDM2M2JjN2M0YzAiOnsiY3JlYXRlIjoxMjAwMDAwMDAwMDAwLCJkZWxldGUiOjEyMDAwMDAwMDAwMDAsInVwZGF0ZSI6MTIwMDAwMDAwMDAwMH19"
        }
      ]
    },
    {
      "module": "module.network",
      "mode": "managed",
      "type": "google_compute_subnetwork",
      "name": "subnet",
      "provider": "provider[\"registry.terraform.io/hashicorp/google\"]",
      "instances": [
        {
          "schema_version": 0,
          "attributes": {
            "creation_timestamp": "2026-02-03T13:15:02.744-08:00",
            "description": "",
            "external_ipv6_prefix": "",
            "fingerprint": null,
            "gateway_address": "10.10.0.1",
            "id": "projects/ubioworo-project/regions/us-central1/subnetworks/gke-vpc-subnet",
            "internal_ipv6_prefix": "",
            "ip_cidr_range": "10.10.0.0/24",
            "ipv6_access_type": "",
            "ipv6_cidr_range": "",
            "log_config": [],
            "name": "gke-vpc-subnet",
            "network": "https://www.googleapis.com/compute/v1/projects/ubioworo-project/global/networks/gke-vpc",
            "private_ip_google_access": false,
            "private_ipv6_google_access": "DISABLE_GOOGLE_ACCESS",
            "project": "ubioworo-project",
            "purpose": "PRIVATE",
            "region": "us-central1",
            "role": "",
            "secondary_ip_range": [],
            "self_link": "https://www.googleapis.com/compute/v1/projects/ubioworo-project/regions/us-central1/subnetworks/gke-vpc-subnet",
            "stack_type": "IPV4_ONLY",
            "timeouts": null
          },
          "sensitive_attributes": [],
          "private": "eyJlMmJmYjczMC1lY2FhLTExZTYtOGY4OC0zNDM2M2JjN2M0YzAiOnsiY3JlYXRlIjoxMjAwMDAwMDAwMDAwLCJkZWxldGUiOjEyMDAwMDAwMDAwMDAsInVwZGF0ZSI6MTIwMDAwMDAwMDAwMH19",
          "dependencies": [
            "module.network.google_compute_network.vpc"
          ]
        }
      ]
    }
  ],
  "check_results": null
}
